// !$*UTF8*$!
{
	archiveVersion = 1;
	classes = {
	};
	objectVersion = 46;
	objects = {

/* Begin PBXBuildFile section */
		26C0D42B1DCF38C700C2D0E1 /* AppDelegate.swift in Sources */ = {isa = PBXBuildFile; fileRef = 26C0D42A1DCF38C700C2D0E1 /* AppDelegate.swift */; };
		26C0D42D1DCF38C700C2D0E1 /* ViewController.swift in Sources */ = {isa = PBXBuildFile; fileRef = 26C0D42C1DCF38C700C2D0E1 /* ViewController.swift */; };
		26C0D4301DCF38C700C2D0E1 /* Main.storyboard in Resources */ = {isa = PBXBuildFile; fileRef = 26C0D42E1DCF38C700C2D0E1 /* Main.storyboard */; };
		26C0D4321DCF38C700C2D0E1 /* Assets.xcassets in Resources */ = {isa = PBXBuildFile; fileRef = 26C0D4311DCF38C700C2D0E1 /* Assets.xcassets */; };
		26C0D4351DCF38C700C2D0E1 /* LaunchScreen.storyboard in Resources */ = {isa = PBXBuildFile; fileRef = 26C0D4331DCF38C700C2D0E1 /* LaunchScreen.storyboard */; };
		26C0D43D1DCF40F500C2D0E1 /* InterestCollectionViewCell.swift in Sources */ = {isa = PBXBuildFile; fileRef = 26C0D43C1DCF40F500C2D0E1 /* InterestCollectionViewCell.swift */; };
		26C0D43F1DCF422B00C2D0E1 /* Interests.swift in Sources */ = {isa = PBXBuildFile; fileRef = 26C0D43E1DCF422B00C2D0E1 /* Interests.swift */; };
/* End PBXBuildFile section */

/* Begin PBXFileReference section */
		26C0D4271DCF38C700C2D0E1 /* CarouselEffect.app */ = {isa = PBXFileReference; explicitFileType = wrapper.application; includeInIndex = 0; path = CarouselEffect.app; sourceTree = BUILT_PRODUCTS_DIR; };
		26C0D42A1DCF38C700C2D0E1 /* AppDelegate.swift */ = {isa = PBXFileReference; lastKnownFileType = sourcecode.swift; path = AppDelegate.swift; sourceTree = "<group>"; };
		26C0D42C1DCF38C700C2D0E1 /* ViewController.swift */ = {isa = PBXFileReference; lastKnownFileType = sourcecode.swift; path = ViewController.swift; sourceTree = "<group>"; };
		26C0D42F1DCF38C700C2D0E1 /* Base */ = {isa = PBXFileReference; lastKnownFileType = file.storyboard; name = Base; path = Base.lproj/Main.storyboard; sourceTree = "<group>"; };
		26C0D4311DCF38C700C2D0E1 /* Assets.xcassets */ = {isa = PBXFileReference; lastKnownFileType = folder.assetcatalog; path = Assets.xcassets; sourceTree = "<group>"; };
		26C0D4341DCF38C700C2D0E1 /* Base */ = {isa = PBXFileReference; lastKnownFileType = file.storyboard; name = Base; path = Base.lproj/LaunchScreen.storyboard; sourceTree = "<group>"; };
		26C0D4361DCF38C700C2D0E1 /* Info.plist */ = {isa = PBXFileReference; lastKnownFileType = text.plist.xml; path = Info.plist; sourceTree = "<group>"; };
		26C0D43C1DCF40F500C2D0E1 /* InterestCollectionViewCell.swift */ = {isa = PBXFileReference; fileEncoding = 4; lastKnownFileType = sourcecode.swift; path = InterestCollectionViewCell.swift; sourceTree = "<group>"; };
		26C0D43E1DCF422B00C2D0E1 /* Interests.swift */ = {isa = PBXFileReference; fileEncoding = 4; lastKnownFileType = sourcecode.swift; path = Interests.swift; sourceTree = "<group>"; };
/* End PBXFileReference section */

/* Begin PBXFrameworksBuildPhase section */
		26C0D4241DCF38C700C2D0E1 /* Frameworks */ = {
			isa = PBXFrameworksBuildPhase;
			buildActionMask = 2147483647;
			files = (
			);
			runOnlyForDeploymentPostprocessing = 0;
		};
/* End PBXFrameworksBuildPhase section */

/* Begin PBXGroup section */
		26C0D41E1DCF38C700C2D0E1 = {
			isa = PBXGroup;
			children = (
				26C0D4291DCF38C700C2D0E1 /* CarouselEffect */,
				26C0D4281DCF38C700C2D0E1 /* Products */,
			);
			sourceTree = "<group>";
		};
		26C0D4281DCF38C700C2D0E1 /* Products */ = {
			isa = PBXGroup;
			children = (
				26C0D4271DCF38C700C2D0E1 /* CarouselEffect.app */,
			);
			name = Products;
			sourceTree = "<group>";
		};
		26C0D4291DCF38C700C2D0E1 /* CarouselEffect */ = {
			isa = PBXGroup;
			children = (
				26C0D42A1DCF38C700C2D0E1 /* AppDelegate.swift */,
				26C0D42C1DCF38C700C2D0E1 /* ViewController.swift */,
				26C0D43E1DCF422B00C2D0E1 /* Interests.swift */,
				26C0D42E1DCF38C700C2D0E1 /* Main.storyboard */,
				26C0D43C1DCF40F500C2D0E1 /* InterestCollectionViewCell.swift */,
				26C0D4311DCF38C700C2D0E1 /* Assets.xcassets */,
				26C0D4331DCF38C700C2D0E1 /* LaunchScreen.storyboard */,
				26C0D4361DCF38C700C2D0E1 /* Info.plist */,
			);
			path = CarouselEffect;
			sourceTree = "<group>";
		};
/* End PBXGroup section */

/* Begin PBXNativeTarget section */
		26C0D4261DCF38C700C2D0E1 /* CarouselEffect */ = {
			isa = PBXNativeTarget;
			buildConfigurationList = 26C0D4391DCF38C700C2D0E1 /* Build configuration list for PBXNativeTarget "CarouselEffect" */;
			buildPhases = (
				26C0D4231DCF38C700C2D0E1 /* Sources */,
				26C0D4241DCF38C700C2D0E1 /* Frameworks */,
				26C0D4251DCF38C700C2D0E1 /* Resources */,
			);
			buildRules = (
			);
			dependencies = (
			);
			name = CarouselEffect;
			productName = CarouselEffect;
			productReference = 26C0D4271DCF38C700C2D0E1 /* CarouselEffect.app */;
			productType = "com.apple.product-type.application";
		};
/* End PBXNativeTarget section */

/* Begin PBXProject section */
		26C0D41F1DCF38C700C2D0E1 /* Project object */ = {
			isa = PBXProject;
			attributes = {
				LastSwiftUpdateCheck = 0800;
				LastUpgradeCheck = 0800;
				ORGANIZATIONNAME = wx;
				TargetAttributes = {
					26C0D4261DCF38C700C2D0E1 = {
						CreatedOnToolsVersion = 8.0;
						DevelopmentTeam = FHZPZ8NR76;
						ProvisioningStyle = Automatic;
					};
				};
			};
			buildConfigurationList = 26C0D4221DCF38C700C2D0E1 /* Build configuration list for PBXProject "CarouselEffect" */;
			compatibilityVersion = "Xcode 3.2";
			developmentRegion = English;
			hasScannedForEncodings = 0;
			knownRegions = (
				en,
				Base,
			);
			mainGroup = 26C0D41E1DCF38C700C2D0E1;
			productRefGroup = 26C0D4281DCF38C700C2D0E1 /* Products */;
			projectDirPath = "";
			projectRoot = "";
			targets = (
				26C0D4261DCF38C700C2D0E1 /* CarouselEffect */,
			);
		};
/* End PBXProject section */

/* Begin PBXResourcesBuildPhase section */
		26C0D4251DCF38C700C2D0E1 /* Resources */ = {
			isa = PBXResourcesBuildPhase;
			buildActionMask = 2147483647;
			files = (
				26C0D4351DCF38C700C2D0E1 /* LaunchScreen.storyboard in Resources */,
				26C0D4321DCF38C700C2D0E1 /* Assets.xcassets in Resources */,
				26C0D4301DCF38C700C2D0E1 /* Main.storyboard in Resources */,
			);
			runOnlyForDeploymentPostprocessing = 0;
		};
/* End PBXResourcesBuildPhase section */

/* Begin PBXSourcesBuildPhase section */
		26C0D4231DCF38C700C2D0E1 /* Sources */ = {
			isa = PBXSourcesBuildPhase;
			buildActionMask = 2147483647;
			files = (
				26C0D43D1DCF40F500C2D0E1 /* InterestCollectionViewCell.swift in Sources */,
				26C0D42D1DCF38C700C2D0E1 /* ViewController.swift in Sources */,
				26C0D42B1DCF38C700C2D0E1 /* AppDelegate.swift in Sources */,
				26C0D43F1DCF422B00C2D0E1 /* Interests.swift in Sources */,
			);
			runOnlyForDeploymentPostprocessing = 0;
		};
/* End PBXSourcesBuildPhase section */

/* Begin PBXVariantGroup section */
		26C0D42E1DCF38C700C2D0E1 /* Main.storyboard */ = {
			isa = PBXVariantGroup;
			children = (
				26C0D42F1DCF38C700C2D0E1 /* Base */,
			);
			name = Main.storyboard;
			sourceTree = "<group>";
		};
		26C0D4331DCF38C700C2D0E1 /* LaunchScreen.storyboard */ = {
			isa = PBXVariantGroup;
			children = (
				26C0D4341DCF38C700C2D0E1 /* Base */,
			);
			name = LaunchScreen.storyboard;
			sourceTree = "<group>";
		};
/* End PBXVariantGroup section */

/* Begin XCBuildConfiguration section */
		26C0D4371DCF38C700C2D0E1 /* Debug */ = {
			isa = XCBuildConfiguration;
			buildSettings = {
				ALWAYS_SEARCH_USER_PATHS = NO;
				CLANG_ANALYZER_NONNULL = YES;
				CLANG_CXX_LANGUAGE_STANDARD = "gnu++0x";
				CLANG_CXX_LIBRARY = "libc++";
				CLANG_ENABLE_MODULES = YES;
				CLANG_ENABLE_OBJC_ARC = YES;
				CLANG_WARN_BOOL_CONVERSION = YES;
				CLANG_WARN_CONSTANT_CONVERSION = YES;
				CLANG_WARN_DIRECT_OBJC_ISA_USAGE = YES_ERROR;
				CLANG_WARN_DOCUMENTATION_COMMENTS = YES;
				CLANG_WARN_EMPTY_BODY = YES;
				CLANG_WARN_ENUM_CONVERSION = YES;
				CLANG_WARN_INFINITE_RECURSION = YES;
				CLANG_WARN_INT_CONVERSION = YES;
				CLANG_WARN_OBJC_ROOT_CLASS = YES_ERROR;
				CLANG_WARN_SUSPICIOUS_MOVES = YES;
				CLANG_WARN_UNREACHABLE_CODE = YES;
				CLANG_WARN__DUPLICATE_METHOD_MATCH = YES;
				"CODE_SIGN_IDENTITY[sdk=iphoneos*]" = "iPhone Developer";
				COPY_PHASE_STRIP = NO;
				DEBUG_INFORMATION_FORMAT = dwarf;
				ENABLE_STRICT_OBJC_MSGSEND = YES;
				ENABLE_TESTABILITY = YES;
				GCC_C_LANGUAGE_STANDARD = gnu99;
				GCC_DYNAMIC_NO_PIC = NO;
				GCC_NO_COMMON_BLOCKS = YES;
				GCC_OPTIMIZATION_LEVEL = 0;
				GCC_PREPROCESSOR_DEFINITIONS = (
					"DEBUG=1",
					"$(inherited)",
				);
				GCC_WARN_64_TO_32_BIT_CONVERSION = YES;
				GCC_WARN_ABOUT_RETURN_TYPE = YES_ERROR;
				GCC_WARN_UNDECLARED_SELECTOR = YES;
				GCC_WARN_UNINITIALIZED_AUTOS = YES_AGGRESSIVE;
				GCC_WARN_UNUSED_FUNCTION = YES;
				GCC_WARN_UNUSED_VARIABLE = YES;
				IPHONEOS_DEPLOYMENT_TARGET = 10.0;
				MTL_ENABLE_DEBUG_INFO = YES;
				ONLY_ACTIVE_ARCH = YES;
				SDKROOT = iphoneos;
				SWIFT_ACTIVE_COMPILATION_CONDITIONS = DEBUG;
				SWIFT_OPTIMIZATION_LEVEL = "-Onone";
				TARGETED_DEVICE_FAMILY = "1,2";
			};
			name = Debug;
		};
		26C0D4381DCF38C700C2D0E1 /* Release */ = {
			isa = XCBuildConfiguration;
			buildSettings = {
				ALWAYS_SEARCH_USER_PATHS = NO;
				CLANG_ANALYZER_NONNULL = YES;
				CLANG_CXX_LANGUAGE_STANDARD = "gnu++0x";
				CLANG_CXX_LIBRARY = "libc++";
				CLANG_ENABLE_MODULES = YES;
				CLANG_ENABLE_OBJC_ARC = YES;
				CLANG_WARN_BOOL_CONVERSION = YES;
				CLANG_WARN_CONSTANT_CONVERSION = YES;
				CLANG_WARN_DIRECT_OBJC_ISA_USAGE = YES_ERROR;
				CLANG_WARN_DOCUMENTATION_COMMENTS = YES;
				CLANG_WARN_EMPTY_BODY = YES;
				CLANG_WARN_ENUM_CONVERSION = YES;
				CLANG_WARN_INFINITE_RECURSION = YES;
				CLANG_WARN_INT_CONVERSION = YES;
				CLANG_WARN_OBJC_ROOT_CLASS = YES_ERROR;
				CLANG_WARN_SUSPICIOUS_MOVES = YES;
				CLANG_WARN_UNREACHABLE_CODE = YES;
				CLANG_WARN__DUPLICATE_METHOD_MATCH = YES;
				"CODE_SIGN_IDENTITY[sdk=iphoneos*]" = "iPhone Developer";
				COPY_PHASE_STRIP = NO;
				DEBUG_INFORMATION_FORMAT = "dwarf-with-dsym";
				ENABLE_NS_ASSERTIONS = NO;
				ENABLE_STRICT_OBJC_MSGSEND = YES;
				GCC_C_LANGUAGE_STANDARD = gnu99;
				GCC_NO_COMMON_BLOCKS = YES;
				GCC_WARN_64_TO_32_BIT_CONVERSION = YES;
				GCC_WARN_ABOUT_RETURN_TYPE = YES_ERROR;
				GCC_WARN_UNDECLARED_SELECTOR = YES;
				GCC_WARN_UNINITIALIZED_AUTOS = YES_AGGRESSIVE;
				GCC_WARN_UNUSED_FUNCTION = YES;
				GCC_WARN_UNUSED_VARIABLE = YES;
				IPHONEOS_DEPLOYMENT_TARGET = 10.0;
				MTL_ENABLE_DEBUG_INFO = NO;
				SDKROOT = iphoneos;
				SWIFT_OPTIMIZATION_LEVEL = "-Owholemodule";
				TARGETED_DEVICE_FAMILY = "1,2";
				VALIDATE_PRODUCT = YES;
			};
			name = Release;
		};
		26C0D43A1DCF38C700C2D0E1 /* Debug */ = {
			isa = XCBuildConfiguration;
			buildSettings = {
				ASSETCATALOG_COMPILER_APPICON_NAME = AppIcon;
				DEVELOPMENT_TEAM = FHZPZ8NR76;
				INFOPLIST_FILE = CarouselEffect/Info.plist;
				LD_RUNPATH_SEARCH_PATHS = "$(inherited) @executable_path/Frameworks";
				PRODUCT_BUNDLE_IDENTIFIER = org.wx.CarouselEffect;
				PRODUCT_NAME = "$(TARGET_NAME)";
				SWIFT_VERSION = 3.0;
			};
			name = Debug;
		};
		26C0D43B1DCF38C700C2D0E1 /* Release */ = {
			isa = XCBuildConfiguration;
			buildSettings = {
				ASSETCATALOG_COMPILER_APPICON_NAME = AppIcon;
				DEVELOPMENT_TEAM = FHZPZ8NR76;
				INFOPLIST_FILE = CarouselEffect/Info.plist;
				LD_RUNPATH_SEARCH_PATHS = "$(inherited) @executable_path/Frameworks";
				PRODUCT_BUNDLE_IDENTIFIER = org.wx.CarouselEffect;
				PRODUCT_NAME = "$(TARGET_NAME)";
				SWIFT_VERSION = 3.0;
			};
			name = Release;
		};
/* End XCBuildConfiguration section */

/* Begin XCConfigurationList section */
		26C0D4221DCF38C700C2D0E1 /* Build configuration list for PBXProject "CarouselEffect" */ = {
			isa = XCConfigurationList;
			buildConfigurations = (
				26C0D4371DCF38C700C2D0E1 /* Debug */,
				26C0D4381DCF38C700C2D0E1 /* Release */,
			);
			defaultConfigurationIsVisible = 0;
			defaultConfigurationName = Release;
		};
		26C0D4391DCF38C700C2D0E1 /* Build configuration list for PBXNativeTarget "CarouselEffect" */ = {
			isa = XCConfigurationList;
			buildConfigurations = (
				26C0D43A1DCF38C700C2D0E1 /* Debug */,
				26C0D43B1DCF38C700C2D0E1 /* Release */,
			);
			defaultConfigurationIsVisible = 0;
		};
/* End XCConfigurationList section */
	};
	rootObject = 26C0D41F1DCF38C700C2D0E1 /* Project object */;
}
