// !$*UTF8*$!
{
	archiveVersion = 1;
	classes = {
	};
	objectVersion = 46;
	objects = {

/* Begin PBXBuildFile section */
		26E0665D1E0AB71100DF0886 /* AppDelegate.swift in Sources */ = {isa = PBXBuildFile; fileRef = 26E0665C1E0AB71100DF0886 /* AppDelegate.swift */; };
		26E0665F1E0AB71100DF0886 /* ViewController.swift in Sources */ = {isa = PBXBuildFile; fileRef = 26E0665E1E0AB71100DF0886 /* ViewController.swift */; };
		26E066621E0AB71100DF0886 /* Main.storyboard in Resources */ = {isa = PBXBuildFile; fileRef = 26E066601E0AB71100DF0886 /* Main.storyboard */; };
		26E066641E0AB71100DF0886 /* Assets.xcassets in Resources */ = {isa = PBXBuildFile; fileRef = 26E066631E0AB71100DF0886 /* Assets.xcassets */; };
		26E066671E0AB71100DF0886 /* LaunchScreen.storyboard in Resources */ = {isa = PBXBuildFile; fileRef = 26E066651E0AB71100DF0886 /* LaunchScreen.storyboard */; };
		26E0666F1E0AB7D900DF0886 /* SwipeCell.swift in Sources */ = {isa = PBXBuildFile; fileRef = 26E0666E1E0AB7D900DF0886 /* SwipeCell.swift */; };
/* End PBXBuildFile section */

/* Begin PBXFileReference section */
		26E066591E0AB71100DF0886 /* SwipableCell.app */ = {isa = PBXFileReference; explicitFileType = wrapper.application; includeInIndex = 0; path = SwipableCell.app; sourceTree = BUILT_PRODUCTS_DIR; };
		26E0665C1E0AB71100DF0886 /* AppDelegate.swift */ = {isa = PBXFileReference; lastKnownFileType = sourcecode.swift; path = AppDelegate.swift; sourceTree = "<group>"; };
		26E0665E1E0AB71100DF0886 /* ViewController.swift */ = {isa = PBXFileReference; lastKnownFileType = sourcecode.swift; path = ViewController.swift; sourceTree = "<group>"; };
		26E066611E0AB71100DF0886 /* Base */ = {isa = PBXFileReference; lastKnownFileType = file.storyboard; name = Base; path = Base.lproj/Main.storyboard; sourceTree = "<group>"; };
		26E066631E0AB71100DF0886 /* Assets.xcassets */ = {isa = PBXFileReference; lastKnownFileType = folder.assetcatalog; path = Assets.xcassets; sourceTree = "<group>"; };
		26E066661E0AB71100DF0886 /* Base */ = {isa = PBXFileReference; lastKnownFileType = file.storyboard; name = Base; path = Base.lproj/LaunchScreen.storyboard; sourceTree = "<group>"; };
		26E066681E0AB71100DF0886 /* Info.plist */ = {isa = PBXFileReference; lastKnownFileType = text.plist.xml; path = Info.plist; sourceTree = "<group>"; };
		26E0666E1E0AB7D900DF0886 /* SwipeCell.swift */ = {isa = PBXFileReference; fileEncoding = 4; lastKnownFileType = sourcecode.swift; path = SwipeCell.swift; sourceTree = "<group>"; };
/* End PBXFileReference section */

/* Begin PBXFrameworksBuildPhase section */
		26E066561E0AB71100DF0886 /* Frameworks */ = {
			isa = PBXFrameworksBuildPhase;
			buildActionMask = 2147483647;
			files = (
			);
			runOnlyForDeploymentPostprocessing = 0;
		};
/* End PBXFrameworksBuildPhase section */

/* Begin PBXGroup section */
		26E066501E0AB71100DF0886 = {
			isa = PBXGroup;
			children = (
				26E0665B1E0AB71100DF0886 /* SwipableCell */,
				26E0665A1E0AB71100DF0886 /* Products */,
			);
			sourceTree = "<group>";
		};
		26E0665A1E0AB71100DF0886 /* Products */ = {
			isa = PBXGroup;
			children = (
				26E066591E0AB71100DF0886 /* SwipableCell.app */,
			);
			name = Products;
			sourceTree = "<group>";
		};
		26E0665B1E0AB71100DF0886 /* SwipableCell */ = {
			isa = PBXGroup;
			children = (
				26E0665C1E0AB71100DF0886 /* AppDelegate.swift */,
				26E0665E1E0AB71100DF0886 /* ViewController.swift */,
				26E066601E0AB71100DF0886 /* Main.storyboard */,
				26E0666E1E0AB7D900DF0886 /* SwipeCell.swift */,
				26E066631E0AB71100DF0886 /* Assets.xcassets */,
				26E066651E0AB71100DF0886 /* LaunchScreen.storyboard */,
				26E066681E0AB71100DF0886 /* Info.plist */,
			);
			path = SwipableCell;
			sourceTree = "<group>";
		};
/* End PBXGroup section */

/* Begin PBXNativeTarget section */
		26E066581E0AB71100DF0886 /* SwipableCell */ = {
			isa = PBXNativeTarget;
			buildConfigurationList = 26E0666B1E0AB71100DF0886 /* Build configuration list for PBXNativeTarget "SwipableCell" */;
			buildPhases = (
				26E066551E0AB71100DF0886 /* Sources */,
				26E066561E0AB71100DF0886 /* Frameworks */,
				26E066571E0AB71100DF0886 /* Resources */,
			);
			buildRules = (
			);
			dependencies = (
			);
			name = SwipableCell;
			productName = SwipableCell;
			productReference = 26E066591E0AB71100DF0886 /* SwipableCell.app */;
			productType = "com.apple.product-type.application";
		};
/* End PBXNativeTarget section */

/* Begin PBXProject section */
		26E066511E0AB71100DF0886 /* Project object */ = {
			isa = PBXProject;
			attributes = {
				LastSwiftUpdateCheck = 0810;
				LastUpgradeCheck = 0810;
				ORGANIZATIONNAME = wx;
				TargetAttributes = {
					26E066581E0AB71100DF0886 = {
						CreatedOnToolsVersion = 8.1;
						DevelopmentTeam = FHZPZ8NR76;
						ProvisioningStyle = Automatic;
					};
				};
			};
			buildConfigurationList = 26E066541E0AB71100DF0886 /* Build configuration list for PBXProject "SwipableCell" */;
			compatibilityVersion = "Xcode 3.2";
			developmentRegion = English;
			hasScannedForEncodings = 0;
			knownRegions = (
				en,
				Base,
			);
			mainGroup = 26E066501E0AB71100DF0886;
			productRefGroup = 26E0665A1E0AB71100DF0886 /* Products */;
			projectDirPath = "";
			projectRoot = "";
			targets = (
				26E066581E0AB71100DF0886 /* SwipableCell */,
			);
		};
/* End PBXProject section */

/* Begin PBXResourcesBuildPhase section */
		26E066571E0AB71100DF0886 /* Resources */ = {
			isa = PBXResourcesBuildPhase;
			buildActionMask = 2147483647;
			files = (
				26E066671E0AB71100DF0886 /* LaunchScreen.storyboard in Resources */,
				26E066641E0AB71100DF0886 /* Assets.xcassets in Resources */,
				26E066621E0AB71100DF0886 /* Main.storyboard in Resources */,
			);
			runOnlyForDeploymentPostprocessing = 0;
		};
/* End PBXResourcesBuildPhase section */

/* Begin PBXSourcesBuildPhase section */
		26E066551E0AB71100DF0886 /* Sources */ = {
			isa = PBXSourcesBuildPhase;
			buildActionMask = 2147483647;
			files = (
				26E0665F1E0AB71100DF0886 /* ViewController.swift in Sources */,
				26E0665D1E0AB71100DF0886 /* AppDelegate.swift in Sources */,
				26E0666F1E0AB7D900DF0886 /* SwipeCell.swift in Sources */,
			);
			runOnlyForDeploymentPostprocessing = 0;
		};
/* End PBXSourcesBuildPhase section */

/* Begin PBXVariantGroup section */
		26E066601E0AB71100DF0886 /* Main.storyboard */ = {
			isa = PBXVariantGroup;
			children = (
				26E066611E0AB71100DF0886 /* Base */,
			);
			name = Main.storyboard;
			sourceTree = "<group>";
		};
		26E066651E0AB71100DF0886 /* LaunchScreen.storyboard */ = {
			isa = PBXVariantGroup;
			children = (
				26E066661E0AB71100DF0886 /* Base */,
			);
			name = LaunchScreen.storyboard;
			sourceTree = "<group>";
		};
/* End PBXVariantGroup section */

/* Begin XCBuildConfiguration section */
		26E066691E0AB71100DF0886 /* Debug */ = {
			isa = XCBuildConfiguration;
			buildSettings = {
				ALWAYS_SEARCH_USER_PATHS = NO;
				CLANG_ANALYZER_NONNULL = YES;
				CLANG_CXX_LANGUAGE_STANDARD = "gnu++0x";
				CLANG_CXX_LIBRARY = "libc++";
				CLANG_ENABLE_MODULES = YES;
				CLANG_ENABLE_OBJC_ARC = YES;
				CLANG_WARN_BOOL_CONVERSION = YES;
				CLANG_WARN_CONSTANT_CONVERSION = YES;
				CLANG_WARN_DIRECT_OBJC_ISA_USAGE = YES_ERROR;
				CLANG_WARN_DOCUMENTATION_COMMENTS = YES;
				CLANG_WARN_EMPTY_BODY = YES;
				CLANG_WARN_ENUM_CONVERSION = YES;
				CLANG_WARN_INFINITE_RECURSION = YES;
				CLANG_WARN_INT_CONVERSION = YES;
				CLANG_WARN_OBJC_ROOT_CLASS = YES_ERROR;
				CLANG_WARN_SUSPICIOUS_MOVES = YES;
				CLANG_WARN_UNREACHABLE_CODE = YES;
				CLANG_WARN__DUPLICATE_METHOD_MATCH = YES;
				"CODE_SIGN_IDENTITY[sdk=iphoneos*]" = "iPhone Developer";
				COPY_PHASE_STRIP = NO;
				DEBUG_INFORMATION_FORMAT = dwarf;
				ENABLE_STRICT_OBJC_MSGSEND = YES;
				ENABLE_TESTABILITY = YES;
				GCC_C_LANGUAGE_STANDARD = gnu99;
				GCC_DYNAMIC_NO_PIC = NO;
				GCC_NO_COMMON_BLOCKS = YES;
				GCC_OPTIMIZATION_LEVEL = 0;
				GCC_PREPROCESSOR_DEFINITIONS = (
					"DEBUG=1",
					"$(inherited)",
				);
				GCC_WARN_64_TO_32_BIT_CONVERSION = YES;
				GCC_WARN_ABOUT_RETURN_TYPE = YES_ERROR;
				GCC_WARN_UNDECLARED_SELECTOR = YES;
				GCC_WARN_UNINITIALIZED_AUTOS = YES_AGGRESSIVE;
				GCC_WARN_UNUSED_FUNCTION = YES;
				GCC_WARN_UNUSED_VARIABLE = YES;
				IPHONEOS_DEPLOYMENT_TARGET = 10.1;
				MTL_ENABLE_DEBUG_INFO = YES;
				ONLY_ACTIVE_ARCH = YES;
				SDKROOT = iphoneos;
				SWIFT_ACTIVE_COMPILATION_CONDITIONS = DEBUG;
				SWIFT_OPTIMIZATION_LEVEL = "-Onone";
				TARGETED_DEVICE_FAMILY = "1,2";
			};
			name = Debug;
		};
		26E0666A1E0AB71100DF0886 /* Release */ = {
			isa = XCBuildConfiguration;
			buildSettings = {
				ALWAYS_SEARCH_USER_PATHS = NO;
				CLANG_ANALYZER_NONNULL = YES;
				CLANG_CXX_LANGUAGE_STANDARD = "gnu++0x";
				CLANG_CXX_LIBRARY = "libc++";
				CLANG_ENABLE_MODULES = YES;
				CLANG_ENABLE_OBJC_ARC = YES;
				CLANG_WARN_BOOL_CONVERSION = YES;
				CLANG_WARN_CONSTANT_CONVERSION = YES;
				CLANG_WARN_DIRECT_OBJC_ISA_USAGE = YES_ERROR;
				CLANG_WARN_DOCUMENTATION_COMMENTS = YES;
				CLANG_WARN_EMPTY_BODY = YES;
				CLANG_WARN_ENUM_CONVERSION = YES;
				CLANG_WARN_INFINITE_RECURSION = YES;
				CLANG_WARN_INT_CONVERSION = YES;
				CLANG_WARN_OBJC_ROOT_CLASS = YES_ERROR;
				CLANG_WARN_SUSPICIOUS_MOVES = YES;
				CLANG_WARN_UNREACHABLE_CODE = YES;
				CLANG_WARN__DUPLICATE_METHOD_MATCH = YES;
				"CODE_SIGN_IDENTITY[sdk=iphoneos*]" = "iPhone Developer";
				COPY_PHASE_STRIP = NO;
				DEBUG_INFORMATION_FORMAT = "dwarf-with-dsym";
				ENABLE_NS_ASSERTIONS = NO;
				ENABLE_STRICT_OBJC_MSGSEND = YES;
				GCC_C_LANGUAGE_STANDARD = gnu99;
				GCC_NO_COMMON_BLOCKS = YES;
				GCC_WARN_64_TO_32_BIT_CONVERSION = YES;
				GCC_WARN_ABOUT_RETURN_TYPE = YES_ERROR;
				GCC_WARN_UNDECLARED_SELECTOR = YES;
				GCC_WARN_UNINITIALIZED_AUTOS = YES_AGGRESSIVE;
				GCC_WARN_UNUSED_FUNCTION = YES;
				GCC_WARN_UNUSED_VARIABLE = YES;
				IPHONEOS_DEPLOYMENT_TARGET = 10.1;
				MTL_ENABLE_DEBUG_INFO = NO;
				SDKROOT = iphoneos;
				SWIFT_OPTIMIZATION_LEVEL = "-Owholemodule";
				TARGETED_DEVICE_FAMILY = "1,2";
				VALIDATE_PRODUCT = YES;
			};
			name = Release;
		};
		26E0666C1E0AB71100DF0886 /* Debug */ = {
			isa = XCBuildConfiguration;
			buildSettings = {
				ASSETCATALOG_COMPILER_APPICON_NAME = AppIcon;
				DEVELOPMENT_TEAM = FHZPZ8NR76;
				INFOPLIST_FILE = SwipableCell/Info.plist;
				LD_RUNPATH_SEARCH_PATHS = "$(inherited) @executable_path/Frameworks";
				PRODUCT_BUNDLE_IDENTIFIER = org.wx.SwipableCell;
				PRODUCT_NAME = "$(TARGET_NAME)";
				SWIFT_VERSION = 3.0;
			};
			name = Debug;
		};
		26E0666D1E0AB71100DF0886 /* Release */ = {
			isa = XCBuildConfiguration;
			buildSettings = {
				ASSETCATALOG_COMPILER_APPICON_NAME = AppIcon;
				DEVELOPMENT_TEAM = FHZPZ8NR76;
				INFOPLIST_FILE = SwipableCell/Info.plist;
				LD_RUNPATH_SEARCH_PATHS = "$(inherited) @executable_path/Frameworks";
				PRODUCT_BUNDLE_IDENTIFIER = org.wx.SwipableCell;
				PRODUCT_NAME = "$(TARGET_NAME)";
				SWIFT_VERSION = 3.0;
			};
			name = Release;
		};
/* End XCBuildConfiguration section */

/* Begin XCConfigurationList section */
		26E066541E0AB71100DF0886 /* Build configuration list for PBXProject "SwipableCell" */ = {
			isa = XCConfigurationList;
			buildConfigurations = (
				26E066691E0AB71100DF0886 /* Debug */,
				26E0666A1E0AB71100DF0886 /* Release */,
			);
			defaultConfigurationIsVisible = 0;
			defaultConfigurationName = Release;
		};
		26E0666B1E0AB71100DF0886 /* Build configuration list for PBXNativeTarget "SwipableCell" */ = {
			isa = XCConfigurationList;
			buildConfigurations = (
				26E0666C1E0AB71100DF0886 /* Debug */,
				26E0666D1E0AB71100DF0886 /* Release */,
			);
			defaultConfigurationIsVisible = 0;
		};
/* End XCConfigurationList section */
	};
	rootObject = 26E066511E0AB71100DF0886 /* Project object */;
}
