// !$*UTF8*$!
{
	archiveVersion = 1;
	classes = {
	};
	objectVersion = 46;
	objects = {

/* Begin PBXBuildFile section */
		26C667D81E1281D100FB1744 /* AppDelegate.swift in Sources */ = {isa = PBXBuildFile; fileRef = 26C667D71E1281D100FB1744 /* AppDelegate.swift */; };
		26C667DA1E1281D100FB1744 /* ViewController.swift in Sources */ = {isa = PBXBuildFile; fileRef = 26C667D91E1281D100FB1744 /* ViewController.swift */; };
		26C667DD1E1281D100FB1744 /* Main.storyboard in Resources */ = {isa = PBXBuildFile; fileRef = 26C667DB1E1281D100FB1744 /* Main.storyboard */; };
		26C667DF1E1281D100FB1744 /* Assets.xcassets in Resources */ = {isa = PBXBuildFile; fileRef = 26C667DE1E1281D100FB1744 /* Assets.xcassets */; };
		26C667E21E1281D100FB1744 /* LaunchScreen.storyboard in Resources */ = {isa = PBXBuildFile; fileRef = 26C667E01E1281D100FB1744 /* LaunchScreen.storyboard */; };
		26FA2CD61E13CAEB009843E2 /* FriendTableTableViewController.swift in Sources */ = {isa = PBXBuildFile; fileRef = 26FA2CD51E13CAEB009843E2 /* FriendTableTableViewController.swift */; };
		26FA2CD81E13CB1D009843E2 /* ExploreViewController.swift in Sources */ = {isa = PBXBuildFile; fileRef = 26FA2CD71E13CB1D009843E2 /* ExploreViewController.swift */; };
		26FA2CDA1E13CB2E009843E2 /* ReadLaterTableViewController.swift in Sources */ = {isa = PBXBuildFile; fileRef = 26FA2CD91E13CB2E009843E2 /* ReadLaterTableViewController.swift */; };
		26FA2CDC1E13DD77009843E2 /* FriendTableViewCell.swift in Sources */ = {isa = PBXBuildFile; fileRef = 26FA2CDB1E13DD77009843E2 /* FriendTableViewCell.swift */; };
/* End PBXBuildFile section */

/* Begin PBXFileReference section */
		26C667D41E1281D100FB1744 /* TabBarDemo.app */ = {isa = PBXFileReference; explicitFileType = wrapper.application; includeInIndex = 0; path = TabBarDemo.app; sourceTree = BUILT_PRODUCTS_DIR; };
		26C667D71E1281D100FB1744 /* AppDelegate.swift */ = {isa = PBXFileReference; lastKnownFileType = sourcecode.swift; path = AppDelegate.swift; sourceTree = "<group>"; };
		26C667D91E1281D100FB1744 /* ViewController.swift */ = {isa = PBXFileReference; lastKnownFileType = sourcecode.swift; path = ViewController.swift; sourceTree = "<group>"; };
		26C667DC1E1281D100FB1744 /* Base */ = {isa = PBXFileReference; lastKnownFileType = file.storyboard; name = Base; path = Base.lproj/Main.storyboard; sourceTree = "<group>"; };
		26C667DE1E1281D100FB1744 /* Assets.xcassets */ = {isa = PBXFileReference; lastKnownFileType = folder.assetcatalog; path = Assets.xcassets; sourceTree = "<group>"; };
		26C667E11E1281D100FB1744 /* Base */ = {isa = PBXFileReference; lastKnownFileType = file.storyboard; name = Base; path = Base.lproj/LaunchScreen.storyboard; sourceTree = "<group>"; };
		26C667E31E1281D200FB1744 /* Info.plist */ = {isa = PBXFileReference; lastKnownFileType = text.plist.xml; path = Info.plist; sourceTree = "<group>"; };
		26FA2CD51E13CAEB009843E2 /* FriendTableTableViewController.swift */ = {isa = PBXFileReference; fileEncoding = 4; lastKnownFileType = sourcecode.swift; path = FriendTableTableViewController.swift; sourceTree = "<group>"; };
		26FA2CD71E13CB1D009843E2 /* ExploreViewController.swift */ = {isa = PBXFileReference; fileEncoding = 4; lastKnownFileType = sourcecode.swift; path = ExploreViewController.swift; sourceTree = "<group>"; };
		26FA2CD91E13CB2E009843E2 /* ReadLaterTableViewController.swift */ = {isa = PBXFileReference; fileEncoding = 4; lastKnownFileType = sourcecode.swift; path = ReadLaterTableViewController.swift; sourceTree = "<group>"; };
		26FA2CDB1E13DD77009843E2 /* FriendTableViewCell.swift */ = {isa = PBXFileReference; fileEncoding = 4; lastKnownFileType = sourcecode.swift; path = FriendTableViewCell.swift; sourceTree = "<group>"; };
/* End PBXFileReference section */

/* Begin PBXFrameworksBuildPhase section */
		26C667D11E1281D100FB1744 /* Frameworks */ = {
			isa = PBXFrameworksBuildPhase;
			buildActionMask = 2147483647;
			files = (
			);
			runOnlyForDeploymentPostprocessing = 0;
		};
/* End PBXFrameworksBuildPhase section */

/* Begin PBXGroup section */
		26C667CB1E1281D100FB1744 = {
			isa = PBXGroup;
			children = (
				26C667D61E1281D100FB1744 /* TabBarDemo */,
				26C667D51E1281D100FB1744 /* Products */,
			);
			sourceTree = "<group>";
		};
		26C667D51E1281D100FB1744 /* Products */ = {
			isa = PBXGroup;
			children = (
				26C667D41E1281D100FB1744 /* TabBarDemo.app */,
			);
			name = Products;
			sourceTree = "<group>";
		};
		26C667D61E1281D100FB1744 /* TabBarDemo */ = {
			isa = PBXGroup;
			children = (
				26C667D71E1281D100FB1744 /* AppDelegate.swift */,
				26C667D91E1281D100FB1744 /* ViewController.swift */,
				26C667DB1E1281D100FB1744 /* Main.storyboard */,
				26FA2CDB1E13DD77009843E2 /* FriendTableViewCell.swift */,
				26FA2CD51E13CAEB009843E2 /* FriendTableTableViewController.swift */,
				26FA2CD71E13CB1D009843E2 /* ExploreViewController.swift */,
				26FA2CD91E13CB2E009843E2 /* ReadLaterTableViewController.swift */,
				26C667DE1E1281D100FB1744 /* Assets.xcassets */,
				26C667E01E1281D100FB1744 /* LaunchScreen.storyboard */,
				26C667E31E1281D200FB1744 /* Info.plist */,
			);
			path = TabBarDemo;
			sourceTree = "<group>";
		};
/* End PBXGroup section */

/* Begin PBXNativeTarget section */
		26C667D31E1281D100FB1744 /* TabBarDemo */ = {
			isa = PBXNativeTarget;
			buildConfigurationList = 26C667E61E1281D200FB1744 /* Build configuration list for PBXNativeTarget "TabBarDemo" */;
			buildPhases = (
				26C667D01E1281D100FB1744 /* Sources */,
				26C667D11E1281D100FB1744 /* Frameworks */,
				26C667D21E1281D100FB1744 /* Resources */,
			);
			buildRules = (
			);
			dependencies = (
			);
			name = TabBarDemo;
			productName = TabBarDemo;
			productReference = 26C667D41E1281D100FB1744 /* TabBarDemo.app */;
			productType = "com.apple.product-type.application";
		};
/* End PBXNativeTarget section */

/* Begin PBXProject section */
		26C667CC1E1281D100FB1744 /* Project object */ = {
			isa = PBXProject;
			attributes = {
				LastSwiftUpdateCheck = 0810;
				LastUpgradeCheck = 0810;
				ORGANIZATIONNAME = wx;
				TargetAttributes = {
					26C667D31E1281D100FB1744 = {
						CreatedOnToolsVersion = 8.1;
						DevelopmentTeam = FHZPZ8NR76;
						ProvisioningStyle = Automatic;
					};
				};
			};
			buildConfigurationList = 26C667CF1E1281D100FB1744 /* Build configuration list for PBXProject "TabBarDemo" */;
			compatibilityVersion = "Xcode 3.2";
			developmentRegion = English;
			hasScannedForEncodings = 0;
			knownRegions = (
				en,
				Base,
			);
			mainGroup = 26C667CB1E1281D100FB1744;
			productRefGroup = 26C667D51E1281D100FB1744 /* Products */;
			projectDirPath = "";
			projectRoot = "";
			targets = (
				26C667D31E1281D100FB1744 /* TabBarDemo */,
			);
		};
/* End PBXProject section */

/* Begin PBXResourcesBuildPhase section */
		26C667D21E1281D100FB1744 /* Resources */ = {
			isa = PBXResourcesBuildPhase;
			buildActionMask = 2147483647;
			files = (
				26C667E21E1281D100FB1744 /* LaunchScreen.storyboard in Resources */,
				26C667DF1E1281D100FB1744 /* Assets.xcassets in Resources */,
				26C667DD1E1281D100FB1744 /* Main.storyboard in Resources */,
			);
			runOnlyForDeploymentPostprocessing = 0;
		};
/* End PBXResourcesBuildPhase section */

/* Begin PBXSourcesBuildPhase section */
		26C667D01E1281D100FB1744 /* Sources */ = {
			isa = PBXSourcesBuildPhase;
			buildActionMask = 2147483647;
			files = (
				26C667DA1E1281D100FB1744 /* ViewController.swift in Sources */,
				26FA2CDA1E13CB2E009843E2 /* ReadLaterTableViewController.swift in Sources */,
				26C667D81E1281D100FB1744 /* AppDelegate.swift in Sources */,
				26FA2CDC1E13DD77009843E2 /* FriendTableViewCell.swift in Sources */,
				26FA2CD81E13CB1D009843E2 /* ExploreViewController.swift in Sources */,
				26FA2CD61E13CAEB009843E2 /* FriendTableTableViewController.swift in Sources */,
			);
			runOnlyForDeploymentPostprocessing = 0;
		};
/* End PBXSourcesBuildPhase section */

/* Begin PBXVariantGroup section */
		26C667DB1E1281D100FB1744 /* Main.storyboard */ = {
			isa = PBXVariantGroup;
			children = (
				26C667DC1E1281D100FB1744 /* Base */,
			);
			name = Main.storyboard;
			sourceTree = "<group>";
		};
		26C667E01E1281D100FB1744 /* LaunchScreen.storyboard */ = {
			isa = PBXVariantGroup;
			children = (
				26C667E11E1281D100FB1744 /* Base */,
			);
			name = LaunchScreen.storyboard;
			sourceTree = "<group>";
		};
/* End PBXVariantGroup section */

/* Begin XCBuildConfiguration section */
		26C667E41E1281D200FB1744 /* Debug */ = {
			isa = XCBuildConfiguration;
			buildSettings = {
				ALWAYS_SEARCH_USER_PATHS = NO;
				CLANG_ANALYZER_NONNULL = YES;
				CLANG_CXX_LANGUAGE_STANDARD = "gnu++0x";
				CLANG_CXX_LIBRARY = "libc++";
				CLANG_ENABLE_MODULES = YES;
				CLANG_ENABLE_OBJC_ARC = YES;
				CLANG_WARN_BOOL_CONVERSION = YES;
				CLANG_WARN_CONSTANT_CONVERSION = YES;
				CLANG_WARN_DIRECT_OBJC_ISA_USAGE = YES_ERROR;
				CLANG_WARN_DOCUMENTATION_COMMENTS = YES;
				CLANG_WARN_EMPTY_BODY = YES;
				CLANG_WARN_ENUM_CONVERSION = YES;
				CLANG_WARN_INFINITE_RECURSION = YES;
				CLANG_WARN_INT_CONVERSION = YES;
				CLANG_WARN_OBJC_ROOT_CLASS = YES_ERROR;
				CLANG_WARN_SUSPICIOUS_MOVES = YES;
				CLANG_WARN_UNREACHABLE_CODE = YES;
				CLANG_WARN__DUPLICATE_METHOD_MATCH = YES;
				"CODE_SIGN_IDENTITY[sdk=iphoneos*]" = "iPhone Developer";
				COPY_PHASE_STRIP = NO;
				DEBUG_INFORMATION_FORMAT = dwarf;
				ENABLE_STRICT_OBJC_MSGSEND = YES;
				ENABLE_TESTABILITY = YES;
				GCC_C_LANGUAGE_STANDARD = gnu99;
				GCC_DYNAMIC_NO_PIC = NO;
				GCC_NO_COMMON_BLOCKS = YES;
				GCC_OPTIMIZATION_LEVEL = 0;
				GCC_PREPROCESSOR_DEFINITIONS = (
					"DEBUG=1",
					"$(inherited)",
				);
				GCC_WARN_64_TO_32_BIT_CONVERSION = YES;
				GCC_WARN_ABOUT_RETURN_TYPE = YES_ERROR;
				GCC_WARN_UNDECLARED_SELECTOR = YES;
				GCC_WARN_UNINITIALIZED_AUTOS = YES_AGGRESSIVE;
				GCC_WARN_UNUSED_FUNCTION = YES;
				GCC_WARN_UNUSED_VARIABLE = YES;
				IPHONEOS_DEPLOYMENT_TARGET = 10.1;
				MTL_ENABLE_DEBUG_INFO = YES;
				ONLY_ACTIVE_ARCH = YES;
				SDKROOT = iphoneos;
				SWIFT_ACTIVE_COMPILATION_CONDITIONS = DEBUG;
				SWIFT_OPTIMIZATION_LEVEL = "-Onone";
				TARGETED_DEVICE_FAMILY = "1,2";
			};
			name = Debug;
		};
		26C667E51E1281D200FB1744 /* Release */ = {
			isa = XCBuildConfiguration;
			buildSettings = {
				ALWAYS_SEARCH_USER_PATHS = NO;
				CLANG_ANALYZER_NONNULL = YES;
				CLANG_CXX_LANGUAGE_STANDARD = "gnu++0x";
				CLANG_CXX_LIBRARY = "libc++";
				CLANG_ENABLE_MODULES = YES;
				CLANG_ENABLE_OBJC_ARC = YES;
				CLANG_WARN_BOOL_CONVERSION = YES;
				CLANG_WARN_CONSTANT_CONVERSION = YES;
				CLANG_WARN_DIRECT_OBJC_ISA_USAGE = YES_ERROR;
				CLANG_WARN_DOCUMENTATION_COMMENTS = YES;
				CLANG_WARN_EMPTY_BODY = YES;
				CLANG_WARN_ENUM_CONVERSION = YES;
				CLANG_WARN_INFINITE_RECURSION = YES;
				CLANG_WARN_INT_CONVERSION = YES;
				CLANG_WARN_OBJC_ROOT_CLASS = YES_ERROR;
				CLANG_WARN_SUSPICIOUS_MOVES = YES;
				CLANG_WARN_UNREACHABLE_CODE = YES;
				CLANG_WARN__DUPLICATE_METHOD_MATCH = YES;
				"CODE_SIGN_IDENTITY[sdk=iphoneos*]" = "iPhone Developer";
				COPY_PHASE_STRIP = NO;
				DEBUG_INFORMATION_FORMAT = "dwarf-with-dsym";
				ENABLE_NS_ASSERTIONS = NO;
				ENABLE_STRICT_OBJC_MSGSEND = YES;
				GCC_C_LANGUAGE_STANDARD = gnu99;
				GCC_NO_COMMON_BLOCKS = YES;
				GCC_WARN_64_TO_32_BIT_CONVERSION = YES;
				GCC_WARN_ABOUT_RETURN_TYPE = YES_ERROR;
				GCC_WARN_UNDECLARED_SELECTOR = YES;
				GCC_WARN_UNINITIALIZED_AUTOS = YES_AGGRESSIVE;
				GCC_WARN_UNUSED_FUNCTION = YES;
				GCC_WARN_UNUSED_VARIABLE = YES;
				IPHONEOS_DEPLOYMENT_TARGET = 10.1;
				MTL_ENABLE_DEBUG_INFO = NO;
				SDKROOT = iphoneos;
				SWIFT_OPTIMIZATION_LEVEL = "-Owholemodule";
				TARGETED_DEVICE_FAMILY = "1,2";
				VALIDATE_PRODUCT = YES;
			};
			name = Release;
		};
		26C667E71E1281D200FB1744 /* Debug */ = {
			isa = XCBuildConfiguration;
			buildSettings = {
				ASSETCATALOG_COMPILER_APPICON_NAME = AppIcon;
				DEVELOPMENT_TEAM = FHZPZ8NR76;
				INFOPLIST_FILE = TabBarDemo/Info.plist;
				LD_RUNPATH_SEARCH_PATHS = "$(inherited) @executable_path/Frameworks";
				PRODUCT_BUNDLE_IDENTIFIER = org.wx.TabBarDemo;
				PRODUCT_NAME = "$(TARGET_NAME)";
				SWIFT_VERSION = 3.0;
			};
			name = Debug;
		};
		26C667E81E1281D200FB1744 /* Release */ = {
			isa = XCBuildConfiguration;
			buildSettings = {
				ASSETCATALOG_COMPILER_APPICON_NAME = AppIcon;
				DEVELOPMENT_TEAM = FHZPZ8NR76;
				INFOPLIST_FILE = TabBarDemo/Info.plist;
				LD_RUNPATH_SEARCH_PATHS = "$(inherited) @executable_path/Frameworks";
				PRODUCT_BUNDLE_IDENTIFIER = org.wx.TabBarDemo;
				PRODUCT_NAME = "$(TARGET_NAME)";
				SWIFT_VERSION = 3.0;
			};
			name = Release;
		};
/* End XCBuildConfiguration section */

/* Begin XCConfigurationList section */
		26C667CF1E1281D100FB1744 /* Build configuration list for PBXProject "TabBarDemo" */ = {
			isa = XCConfigurationList;
			buildConfigurations = (
				26C667E41E1281D200FB1744 /* Debug */,
				26C667E51E1281D200FB1744 /* Release */,
			);
			defaultConfigurationIsVisible = 0;
			defaultConfigurationName = Release;
		};
		26C667E61E1281D200FB1744 /* Build configuration list for PBXNativeTarget "TabBarDemo" */ = {
			isa = XCConfigurationList;
			buildConfigurations = (
				26C667E71E1281D200FB1744 /* Debug */,
				26C667E81E1281D200FB1744 /* Release */,
			);
			defaultConfigurationIsVisible = 0;
			defaultConfigurationName = Release;
		};
/* End XCConfigurationList section */
	};
	rootObject = 26C667CC1E1281D100FB1744 /* Project object */;
}
