// !$*UTF8*$!
{
	archiveVersion = 1;
	classes = {
	};
	objectVersion = 46;
	objects = {

/* Begin PBXBuildFile section */
		26C284751DF408AA00A2BAD2 /* AppDelegate.swift in Sources */ = {isa = PBXBuildFile; fileRef = 26C284741DF408AA00A2BAD2 /* AppDelegate.swift */; };
		26C284771DF408AA00A2BAD2 /* ViewController.swift in Sources */ = {isa = PBXBuildFile; fileRef = 26C284761DF408AA00A2BAD2 /* ViewController.swift */; };
		26C2847A1DF408AA00A2BAD2 /* Main.storyboard in Resources */ = {isa = PBXBuildFile; fileRef = 26C284781DF408AA00A2BAD2 /* Main.storyboard */; };
		26C2847C1DF408AA00A2BAD2 /* Assets.xcassets in Resources */ = {isa = PBXBuildFile; fileRef = 26C2847B1DF408AA00A2BAD2 /* Assets.xcassets */; };
		26C2847F1DF408AA00A2BAD2 /* LaunchScreen.storyboard in Resources */ = {isa = PBXBuildFile; fileRef = 26C2847D1DF408AA00A2BAD2 /* LaunchScreen.storyboard */; };
/* End PBXBuildFile section */

/* Begin PBXFileReference section */
		26C284711DF408AA00A2BAD2 /* LimitCharacters.app */ = {isa = PBXFileReference; explicitFileType = wrapper.application; includeInIndex = 0; path = LimitCharacters.app; sourceTree = BUILT_PRODUCTS_DIR; };
		26C284741DF408AA00A2BAD2 /* AppDelegate.swift */ = {isa = PBXFileReference; lastKnownFileType = sourcecode.swift; path = AppDelegate.swift; sourceTree = "<group>"; };
		26C284761DF408AA00A2BAD2 /* ViewController.swift */ = {isa = PBXFileReference; lastKnownFileType = sourcecode.swift; path = ViewController.swift; sourceTree = "<group>"; };
		26C284791DF408AA00A2BAD2 /* Base */ = {isa = PBXFileReference; lastKnownFileType = file.storyboard; name = Base; path = Base.lproj/Main.storyboard; sourceTree = "<group>"; };
		26C2847B1DF408AA00A2BAD2 /* Assets.xcassets */ = {isa = PBXFileReference; lastKnownFileType = folder.assetcatalog; path = Assets.xcassets; sourceTree = "<group>"; };
		26C2847E1DF408AA00A2BAD2 /* Base */ = {isa = PBXFileReference; lastKnownFileType = file.storyboard; name = Base; path = Base.lproj/LaunchScreen.storyboard; sourceTree = "<group>"; };
		26C284801DF408AA00A2BAD2 /* Info.plist */ = {isa = PBXFileReference; lastKnownFileType = text.plist.xml; path = Info.plist; sourceTree = "<group>"; };
/* End PBXFileReference section */

/* Begin PBXFrameworksBuildPhase section */
		26C2846E1DF408AA00A2BAD2 /* Frameworks */ = {
			isa = PBXFrameworksBuildPhase;
			buildActionMask = 2147483647;
			files = (
			);
			runOnlyForDeploymentPostprocessing = 0;
		};
/* End PBXFrameworksBuildPhase section */

/* Begin PBXGroup section */
		26C284681DF408AA00A2BAD2 = {
			isa = PBXGroup;
			children = (
				26C284731DF408AA00A2BAD2 /* LimitCharacters */,
				26C284721DF408AA00A2BAD2 /* Products */,
			);
			sourceTree = "<group>";
		};
		26C284721DF408AA00A2BAD2 /* Products */ = {
			isa = PBXGroup;
			children = (
				26C284711DF408AA00A2BAD2 /* LimitCharacters.app */,
			);
			name = Products;
			sourceTree = "<group>";
		};
		26C284731DF408AA00A2BAD2 /* LimitCharacters */ = {
			isa = PBXGroup;
			children = (
				26C284741DF408AA00A2BAD2 /* AppDelegate.swift */,
				26C284761DF408AA00A2BAD2 /* ViewController.swift */,
				26C284781DF408AA00A2BAD2 /* Main.storyboard */,
				26C2847B1DF408AA00A2BAD2 /* Assets.xcassets */,
				26C2847D1DF408AA00A2BAD2 /* LaunchScreen.storyboard */,
				26C284801DF408AA00A2BAD2 /* Info.plist */,
			);
			path = LimitCharacters;
			sourceTree = "<group>";
		};
/* End PBXGroup section */

/* Begin PBXNativeTarget section */
		26C284701DF408AA00A2BAD2 /* LimitCharacters */ = {
			isa = PBXNativeTarget;
			buildConfigurationList = 26C284831DF408AA00A2BAD2 /* Build configuration list for PBXNativeTarget "LimitCharacters" */;
			buildPhases = (
				26C2846D1DF408AA00A2BAD2 /* Sources */,
				26C2846E1DF408AA00A2BAD2 /* Frameworks */,
				26C2846F1DF408AA00A2BAD2 /* Resources */,
			);
			buildRules = (
			);
			dependencies = (
			);
			name = LimitCharacters;
			productName = LimitCharacters;
			productReference = 26C284711DF408AA00A2BAD2 /* LimitCharacters.app */;
			productType = "com.apple.product-type.application";
		};
/* End PBXNativeTarget section */

/* Begin PBXProject section */
		26C284691DF408AA00A2BAD2 /* Project object */ = {
			isa = PBXProject;
			attributes = {
				LastSwiftUpdateCheck = 0810;
				LastUpgradeCheck = 0810;
				ORGANIZATIONNAME = wx;
				TargetAttributes = {
					26C284701DF408AA00A2BAD2 = {
						CreatedOnToolsVersion = 8.1;
						DevelopmentTeam = FHZPZ8NR76;
						ProvisioningStyle = Automatic;
					};
				};
			};
			buildConfigurationList = 26C2846C1DF408AA00A2BAD2 /* Build configuration list for PBXProject "LimitCharacters" */;
			compatibilityVersion = "Xcode 3.2";
			developmentRegion = English;
			hasScannedForEncodings = 0;
			knownRegions = (
				en,
				Base,
			);
			mainGroup = 26C284681DF408AA00A2BAD2;
			productRefGroup = 26C284721DF408AA00A2BAD2 /* Products */;
			projectDirPath = "";
			projectRoot = "";
			targets = (
				26C284701DF408AA00A2BAD2 /* LimitCharacters */,
			);
		};
/* End PBXProject section */

/* Begin PBXResourcesBuildPhase section */
		26C2846F1DF408AA00A2BAD2 /* Resources */ = {
			isa = PBXResourcesBuildPhase;
			buildActionMask = 2147483647;
			files = (
				26C2847F1DF408AA00A2BAD2 /* LaunchScreen.storyboard in Resources */,
				26C2847C1DF408AA00A2BAD2 /* Assets.xcassets in Resources */,
				26C2847A1DF408AA00A2BAD2 /* Main.storyboard in Resources */,
			);
			runOnlyForDeploymentPostprocessing = 0;
		};
/* End PBXResourcesBuildPhase section */

/* Begin PBXSourcesBuildPhase section */
		26C2846D1DF408AA00A2BAD2 /* Sources */ = {
			isa = PBXSourcesBuildPhase;
			buildActionMask = 2147483647;
			files = (
				26C284771DF408AA00A2BAD2 /* ViewController.swift in Sources */,
				26C284751DF408AA00A2BAD2 /* AppDelegate.swift in Sources */,
			);
			runOnlyForDeploymentPostprocessing = 0;
		};
/* End PBXSourcesBuildPhase section */

/* Begin PBXVariantGroup section */
		26C284781DF408AA00A2BAD2 /* Main.storyboard */ = {
			isa = PBXVariantGroup;
			children = (
				26C284791DF408AA00A2BAD2 /* Base */,
			);
			name = Main.storyboard;
			sourceTree = "<group>";
		};
		26C2847D1DF408AA00A2BAD2 /* LaunchScreen.storyboard */ = {
			isa = PBXVariantGroup;
			children = (
				26C2847E1DF408AA00A2BAD2 /* Base */,
			);
			name = LaunchScreen.storyboard;
			sourceTree = "<group>";
		};
/* End PBXVariantGroup section */

/* Begin XCBuildConfiguration section */
		26C284811DF408AA00A2BAD2 /* Debug */ = {
			isa = XCBuildConfiguration;
			buildSettings = {
				ALWAYS_SEARCH_USER_PATHS = NO;
				CLANG_ANALYZER_NONNULL = YES;
				CLANG_CXX_LANGUAGE_STANDARD = "gnu++0x";
				CLANG_CXX_LIBRARY = "libc++";
				CLANG_ENABLE_MODULES = YES;
				CLANG_ENABLE_OBJC_ARC = YES;
				CLANG_WARN_BOOL_CONVERSION = YES;
				CLANG_WARN_CONSTANT_CONVERSION = YES;
				CLANG_WARN_DIRECT_OBJC_ISA_USAGE = YES_ERROR;
				CLANG_WARN_DOCUMENTATION_COMMENTS = YES;
				CLANG_WARN_EMPTY_BODY = YES;
				CLANG_WARN_ENUM_CONVERSION = YES;
				CLANG_WARN_INFINITE_RECURSION = YES;
				CLANG_WARN_INT_CONVERSION = YES;
				CLANG_WARN_OBJC_ROOT_CLASS = YES_ERROR;
				CLANG_WARN_SUSPICIOUS_MOVES = YES;
				CLANG_WARN_UNREACHABLE_CODE = YES;
				CLANG_WARN__DUPLICATE_METHOD_MATCH = YES;
				"CODE_SIGN_IDENTITY[sdk=iphoneos*]" = "iPhone Developer";
				COPY_PHASE_STRIP = NO;
				DEBUG_INFORMATION_FORMAT = dwarf;
				ENABLE_STRICT_OBJC_MSGSEND = YES;
				ENABLE_TESTABILITY = YES;
				GCC_C_LANGUAGE_STANDARD = gnu99;
				GCC_DYNAMIC_NO_PIC = NO;
				GCC_NO_COMMON_BLOCKS = YES;
				GCC_OPTIMIZATION_LEVEL = 0;
				GCC_PREPROCESSOR_DEFINITIONS = (
					"DEBUG=1",
					"$(inherited)",
				);
				GCC_WARN_64_TO_32_BIT_CONVERSION = YES;
				GCC_WARN_ABOUT_RETURN_TYPE = YES_ERROR;
				GCC_WARN_UNDECLARED_SELECTOR = YES;
				GCC_WARN_UNINITIALIZED_AUTOS = YES_AGGRESSIVE;
				GCC_WARN_UNUSED_FUNCTION = YES;
				GCC_WARN_UNUSED_VARIABLE = YES;
				IPHONEOS_DEPLOYMENT_TARGET = 10.1;
				MTL_ENABLE_DEBUG_INFO = YES;
				ONLY_ACTIVE_ARCH = YES;
				SDKROOT = iphoneos;
				SWIFT_ACTIVE_COMPILATION_CONDITIONS = DEBUG;
				SWIFT_OPTIMIZATION_LEVEL = "-Onone";
				TARGETED_DEVICE_FAMILY = "1,2";
			};
			name = Debug;
		};
		26C284821DF408AA00A2BAD2 /* Release */ = {
			isa = XCBuildConfiguration;
			buildSettings = {
				ALWAYS_SEARCH_USER_PATHS = NO;
				CLANG_ANALYZER_NONNULL = YES;
				CLANG_CXX_LANGUAGE_STANDARD = "gnu++0x";
				CLANG_CXX_LIBRARY = "libc++";
				CLANG_ENABLE_MODULES = YES;
				CLANG_ENABLE_OBJC_ARC = YES;
				CLANG_WARN_BOOL_CONVERSION = YES;
				CLANG_WARN_CONSTANT_CONVERSION = YES;
				CLANG_WARN_DIRECT_OBJC_ISA_USAGE = YES_ERROR;
				CLANG_WARN_DOCUMENTATION_COMMENTS = YES;
				CLANG_WARN_EMPTY_BODY = YES;
				CLANG_WARN_ENUM_CONVERSION = YES;
				CLANG_WARN_INFINITE_RECURSION = YES;
				CLANG_WARN_INT_CONVERSION = YES;
				CLANG_WARN_OBJC_ROOT_CLASS = YES_ERROR;
				CLANG_WARN_SUSPICIOUS_MOVES = YES;
				CLANG_WARN_UNREACHABLE_CODE = YES;
				CLANG_WARN__DUPLICATE_METHOD_MATCH = YES;
				"CODE_SIGN_IDENTITY[sdk=iphoneos*]" = "iPhone Developer";
				COPY_PHASE_STRIP = NO;
				DEBUG_INFORMATION_FORMAT = "dwarf-with-dsym";
				ENABLE_NS_ASSERTIONS = NO;
				ENABLE_STRICT_OBJC_MSGSEND = YES;
				GCC_C_LANGUAGE_STANDARD = gnu99;
				GCC_NO_COMMON_BLOCKS = YES;
				GCC_WARN_64_TO_32_BIT_CONVERSION = YES;
				GCC_WARN_ABOUT_RETURN_TYPE = YES_ERROR;
				GCC_WARN_UNDECLARED_SELECTOR = YES;
				GCC_WARN_UNINITIALIZED_AUTOS = YES_AGGRESSIVE;
				GCC_WARN_UNUSED_FUNCTION = YES;
				GCC_WARN_UNUSED_VARIABLE = YES;
				IPHONEOS_DEPLOYMENT_TARGET = 10.1;
				MTL_ENABLE_DEBUG_INFO = NO;
				SDKROOT = iphoneos;
				SWIFT_OPTIMIZATION_LEVEL = "-Owholemodule";
				TARGETED_DEVICE_FAMILY = "1,2";
				VALIDATE_PRODUCT = YES;
			};
			name = Release;
		};
		26C284841DF408AA00A2BAD2 /* Debug */ = {
			isa = XCBuildConfiguration;
			buildSettings = {
				ASSETCATALOG_COMPILER_APPICON_NAME = AppIcon;
				DEVELOPMENT_TEAM = FHZPZ8NR76;
				INFOPLIST_FILE = LimitCharacters/Info.plist;
				LD_RUNPATH_SEARCH_PATHS = "$(inherited) @executable_path/Frameworks";
				PRODUCT_BUNDLE_IDENTIFIER = org.wx.LimitCharacters;
				PRODUCT_NAME = "$(TARGET_NAME)";
				SWIFT_VERSION = 3.0;
			};
			name = Debug;
		};
		26C284851DF408AA00A2BAD2 /* Release */ = {
			isa = XCBuildConfiguration;
			buildSettings = {
				ASSETCATALOG_COMPILER_APPICON_NAME = AppIcon;
				DEVELOPMENT_TEAM = FHZPZ8NR76;
				INFOPLIST_FILE = LimitCharacters/Info.plist;
				LD_RUNPATH_SEARCH_PATHS = "$(inherited) @executable_path/Frameworks";
				PRODUCT_BUNDLE_IDENTIFIER = org.wx.LimitCharacters;
				PRODUCT_NAME = "$(TARGET_NAME)";
				SWIFT_VERSION = 3.0;
			};
			name = Release;
		};
/* End XCBuildConfiguration section */

/* Begin XCConfigurationList section */
		26C2846C1DF408AA00A2BAD2 /* Build configuration list for PBXProject "LimitCharacters" */ = {
			isa = XCConfigurationList;
			buildConfigurations = (
				26C284811DF408AA00A2BAD2 /* Debug */,
				26C284821DF408AA00A2BAD2 /* Release */,
			);
			defaultConfigurationIsVisible = 0;
			defaultConfigurationName = Release;
		};
		26C284831DF408AA00A2BAD2 /* Build configuration list for PBXNativeTarget "LimitCharacters" */ = {
			isa = XCConfigurationList;
			buildConfigurations = (
				26C284841DF408AA00A2BAD2 /* Debug */,
				26C284851DF408AA00A2BAD2 /* Release */,
			);
			defaultConfigurationIsVisible = 0;
		};
/* End XCConfigurationList section */
	};
	rootObject = 26C284691DF408AA00A2BAD2 /* Project object */;
}
