// !$*UTF8*$!
{
	archiveVersion = 1;
	classes = {
	};
	objectVersion = 46;
	objects = {

/* Begin PBXBuildFile section */
		265CB5AA1DF05CB100C10C75 /* AppDelegate.swift in Sources */ = {isa = PBXBuildFile; fileRef = 265CB5A91DF05CB100C10C75 /* AppDelegate.swift */; };
		265CB5AC1DF05CB100C10C75 /* ViewController.swift in Sources */ = {isa = PBXBuildFile; fileRef = 265CB5AB1DF05CB100C10C75 /* ViewController.swift */; };
		265CB5AF1DF05CB100C10C75 /* Main.storyboard in Resources */ = {isa = PBXBuildFile; fileRef = 265CB5AD1DF05CB100C10C75 /* Main.storyboard */; };
		265CB5B11DF05CB100C10C75 /* Assets.xcassets in Resources */ = {isa = PBXBuildFile; fileRef = 265CB5B01DF05CB100C10C75 /* Assets.xcassets */; };
		265CB5B41DF05CB100C10C75 /* LaunchScreen.storyboard in Resources */ = {isa = PBXBuildFile; fileRef = 265CB5B21DF05CB100C10C75 /* LaunchScreen.storyboard */; };
		26C284671DF3EDFE00A2BAD2 /* MenuTransitionManager.swift in Sources */ = {isa = PBXBuildFile; fileRef = 26C284661DF3EDFE00A2BAD2 /* MenuTransitionManager.swift */; };
		26E12FD81DF2E42D006944C7 /* MenuViewController.swift in Sources */ = {isa = PBXBuildFile; fileRef = 26E12FD71DF2E42D006944C7 /* MenuViewController.swift */; };
/* End PBXBuildFile section */

/* Begin PBXFileReference section */
		265CB5A61DF05CB100C10C75 /* TumblrMenu.app */ = {isa = PBXFileReference; explicitFileType = wrapper.application; includeInIndex = 0; path = TumblrMenu.app; sourceTree = BUILT_PRODUCTS_DIR; };
		265CB5A91DF05CB100C10C75 /* AppDelegate.swift */ = {isa = PBXFileReference; lastKnownFileType = sourcecode.swift; path = AppDelegate.swift; sourceTree = "<group>"; };
		265CB5AB1DF05CB100C10C75 /* ViewController.swift */ = {isa = PBXFileReference; lastKnownFileType = sourcecode.swift; path = ViewController.swift; sourceTree = "<group>"; };
		265CB5AE1DF05CB100C10C75 /* Base */ = {isa = PBXFileReference; lastKnownFileType = file.storyboard; name = Base; path = Base.lproj/Main.storyboard; sourceTree = "<group>"; };
		265CB5B01DF05CB100C10C75 /* Assets.xcassets */ = {isa = PBXFileReference; lastKnownFileType = folder.assetcatalog; path = Assets.xcassets; sourceTree = "<group>"; };
		265CB5B31DF05CB100C10C75 /* Base */ = {isa = PBXFileReference; lastKnownFileType = file.storyboard; name = Base; path = Base.lproj/LaunchScreen.storyboard; sourceTree = "<group>"; };
		265CB5B51DF05CB100C10C75 /* Info.plist */ = {isa = PBXFileReference; lastKnownFileType = text.plist.xml; path = Info.plist; sourceTree = "<group>"; };
		26C284661DF3EDFE00A2BAD2 /* MenuTransitionManager.swift */ = {isa = PBXFileReference; fileEncoding = 4; lastKnownFileType = sourcecode.swift; path = MenuTransitionManager.swift; sourceTree = "<group>"; };
		26E12FD71DF2E42D006944C7 /* MenuViewController.swift */ = {isa = PBXFileReference; fileEncoding = 4; lastKnownFileType = sourcecode.swift; path = MenuViewController.swift; sourceTree = "<group>"; };
/* End PBXFileReference section */

/* Begin PBXFrameworksBuildPhase section */
		265CB5A31DF05CB100C10C75 /* Frameworks */ = {
			isa = PBXFrameworksBuildPhase;
			buildActionMask = 2147483647;
			files = (
			);
			runOnlyForDeploymentPostprocessing = 0;
		};
/* End PBXFrameworksBuildPhase section */

/* Begin PBXGroup section */
		265CB59D1DF05CB100C10C75 = {
			isa = PBXGroup;
			children = (
				265CB5A81DF05CB100C10C75 /* TumblrMenu */,
				265CB5A71DF05CB100C10C75 /* Products */,
			);
			sourceTree = "<group>";
		};
		265CB5A71DF05CB100C10C75 /* Products */ = {
			isa = PBXGroup;
			children = (
				265CB5A61DF05CB100C10C75 /* TumblrMenu.app */,
			);
			name = Products;
			sourceTree = "<group>";
		};
		265CB5A81DF05CB100C10C75 /* TumblrMenu */ = {
			isa = PBXGroup;
			children = (
				265CB5A91DF05CB100C10C75 /* AppDelegate.swift */,
				265CB5AB1DF05CB100C10C75 /* ViewController.swift */,
				265CB5AD1DF05CB100C10C75 /* Main.storyboard */,
				26E12FD71DF2E42D006944C7 /* MenuViewController.swift */,
				26C284661DF3EDFE00A2BAD2 /* MenuTransitionManager.swift */,
				265CB5B01DF05CB100C10C75 /* Assets.xcassets */,
				265CB5B21DF05CB100C10C75 /* LaunchScreen.storyboard */,
				265CB5B51DF05CB100C10C75 /* Info.plist */,
			);
			path = TumblrMenu;
			sourceTree = "<group>";
		};
/* End PBXGroup section */

/* Begin PBXNativeTarget section */
		265CB5A51DF05CB100C10C75 /* TumblrMenu */ = {
			isa = PBXNativeTarget;
			buildConfigurationList = 265CB5B81DF05CB100C10C75 /* Build configuration list for PBXNativeTarget "TumblrMenu" */;
			buildPhases = (
				265CB5A21DF05CB100C10C75 /* Sources */,
				265CB5A31DF05CB100C10C75 /* Frameworks */,
				265CB5A41DF05CB100C10C75 /* Resources */,
			);
			buildRules = (
			);
			dependencies = (
			);
			name = TumblrMenu;
			productName = TumblrMenu;
			productReference = 265CB5A61DF05CB100C10C75 /* TumblrMenu.app */;
			productType = "com.apple.product-type.application";
		};
/* End PBXNativeTarget section */

/* Begin PBXProject section */
		265CB59E1DF05CB100C10C75 /* Project object */ = {
			isa = PBXProject;
			attributes = {
				LastSwiftUpdateCheck = 0810;
				LastUpgradeCheck = 0810;
				ORGANIZATIONNAME = wx;
				TargetAttributes = {
					265CB5A51DF05CB100C10C75 = {
						CreatedOnToolsVersion = 8.1;
						DevelopmentTeam = FHZPZ8NR76;
						ProvisioningStyle = Automatic;
					};
				};
			};
			buildConfigurationList = 265CB5A11DF05CB100C10C75 /* Build configuration list for PBXProject "TumblrMenu" */;
			compatibilityVersion = "Xcode 3.2";
			developmentRegion = English;
			hasScannedForEncodings = 0;
			knownRegions = (
				en,
				Base,
			);
			mainGroup = 265CB59D1DF05CB100C10C75;
			productRefGroup = 265CB5A71DF05CB100C10C75 /* Products */;
			projectDirPath = "";
			projectRoot = "";
			targets = (
				265CB5A51DF05CB100C10C75 /* TumblrMenu */,
			);
		};
/* End PBXProject section */

/* Begin PBXResourcesBuildPhase section */
		265CB5A41DF05CB100C10C75 /* Resources */ = {
			isa = PBXResourcesBuildPhase;
			buildActionMask = 2147483647;
			files = (
				265CB5B41DF05CB100C10C75 /* LaunchScreen.storyboard in Resources */,
				265CB5B11DF05CB100C10C75 /* Assets.xcassets in Resources */,
				265CB5AF1DF05CB100C10C75 /* Main.storyboard in Resources */,
			);
			runOnlyForDeploymentPostprocessing = 0;
		};
/* End PBXResourcesBuildPhase section */

/* Begin PBXSourcesBuildPhase section */
		265CB5A21DF05CB100C10C75 /* Sources */ = {
			isa = PBXSourcesBuildPhase;
			buildActionMask = 2147483647;
			files = (
				265CB5AC1DF05CB100C10C75 /* ViewController.swift in Sources */,
				26C284671DF3EDFE00A2BAD2 /* MenuTransitionManager.swift in Sources */,
				26E12FD81DF2E42D006944C7 /* MenuViewController.swift in Sources */,
				265CB5AA1DF05CB100C10C75 /* AppDelegate.swift in Sources */,
			);
			runOnlyForDeploymentPostprocessing = 0;
		};
/* End PBXSourcesBuildPhase section */

/* Begin PBXVariantGroup section */
		265CB5AD1DF05CB100C10C75 /* Main.storyboard */ = {
			isa = PBXVariantGroup;
			children = (
				265CB5AE1DF05CB100C10C75 /* Base */,
			);
			name = Main.storyboard;
			sourceTree = "<group>";
		};
		265CB5B21DF05CB100C10C75 /* LaunchScreen.storyboard */ = {
			isa = PBXVariantGroup;
			children = (
				265CB5B31DF05CB100C10C75 /* Base */,
			);
			name = LaunchScreen.storyboard;
			sourceTree = "<group>";
		};
/* End PBXVariantGroup section */

/* Begin XCBuildConfiguration section */
		265CB5B61DF05CB100C10C75 /* Debug */ = {
			isa = XCBuildConfiguration;
			buildSettings = {
				ALWAYS_SEARCH_USER_PATHS = NO;
				CLANG_ANALYZER_NONNULL = YES;
				CLANG_CXX_LANGUAGE_STANDARD = "gnu++0x";
				CLANG_CXX_LIBRARY = "libc++";
				CLANG_ENABLE_MODULES = YES;
				CLANG_ENABLE_OBJC_ARC = YES;
				CLANG_WARN_BOOL_CONVERSION = YES;
				CLANG_WARN_CONSTANT_CONVERSION = YES;
				CLANG_WARN_DIRECT_OBJC_ISA_USAGE = YES_ERROR;
				CLANG_WARN_DOCUMENTATION_COMMENTS = YES;
				CLANG_WARN_EMPTY_BODY = YES;
				CLANG_WARN_ENUM_CONVERSION = YES;
				CLANG_WARN_INFINITE_RECURSION = YES;
				CLANG_WARN_INT_CONVERSION = YES;
				CLANG_WARN_OBJC_ROOT_CLASS = YES_ERROR;
				CLANG_WARN_SUSPICIOUS_MOVES = YES;
				CLANG_WARN_UNREACHABLE_CODE = YES;
				CLANG_WARN__DUPLICATE_METHOD_MATCH = YES;
				"CODE_SIGN_IDENTITY[sdk=iphoneos*]" = "iPhone Developer";
				COPY_PHASE_STRIP = NO;
				DEBUG_INFORMATION_FORMAT = dwarf;
				ENABLE_STRICT_OBJC_MSGSEND = YES;
				ENABLE_TESTABILITY = YES;
				GCC_C_LANGUAGE_STANDARD = gnu99;
				GCC_DYNAMIC_NO_PIC = NO;
				GCC_NO_COMMON_BLOCKS = YES;
				GCC_OPTIMIZATION_LEVEL = 0;
				GCC_PREPROCESSOR_DEFINITIONS = (
					"DEBUG=1",
					"$(inherited)",
				);
				GCC_WARN_64_TO_32_BIT_CONVERSION = YES;
				GCC_WARN_ABOUT_RETURN_TYPE = YES_ERROR;
				GCC_WARN_UNDECLARED_SELECTOR = YES;
				GCC_WARN_UNINITIALIZED_AUTOS = YES_AGGRESSIVE;
				GCC_WARN_UNUSED_FUNCTION = YES;
				GCC_WARN_UNUSED_VARIABLE = YES;
				IPHONEOS_DEPLOYMENT_TARGET = 10.1;
				MTL_ENABLE_DEBUG_INFO = YES;
				ONLY_ACTIVE_ARCH = YES;
				SDKROOT = iphoneos;
				SWIFT_ACTIVE_COMPILATION_CONDITIONS = DEBUG;
				SWIFT_OPTIMIZATION_LEVEL = "-Onone";
				TARGETED_DEVICE_FAMILY = "1,2";
			};
			name = Debug;
		};
		265CB5B71DF05CB100C10C75 /* Release */ = {
			isa = XCBuildConfiguration;
			buildSettings = {
				ALWAYS_SEARCH_USER_PATHS = NO;
				CLANG_ANALYZER_NONNULL = YES;
				CLANG_CXX_LANGUAGE_STANDARD = "gnu++0x";
				CLANG_CXX_LIBRARY = "libc++";
				CLANG_ENABLE_MODULES = YES;
				CLANG_ENABLE_OBJC_ARC = YES;
				CLANG_WARN_BOOL_CONVERSION = YES;
				CLANG_WARN_CONSTANT_CONVERSION = YES;
				CLANG_WARN_DIRECT_OBJC_ISA_USAGE = YES_ERROR;
				CLANG_WARN_DOCUMENTATION_COMMENTS = YES;
				CLANG_WARN_EMPTY_BODY = YES;
				CLANG_WARN_ENUM_CONVERSION = YES;
				CLANG_WARN_INFINITE_RECURSION = YES;
				CLANG_WARN_INT_CONVERSION = YES;
				CLANG_WARN_OBJC_ROOT_CLASS = YES_ERROR;
				CLANG_WARN_SUSPICIOUS_MOVES = YES;
				CLANG_WARN_UNREACHABLE_CODE = YES;
				CLANG_WARN__DUPLICATE_METHOD_MATCH = YES;
				"CODE_SIGN_IDENTITY[sdk=iphoneos*]" = "iPhone Developer";
				COPY_PHASE_STRIP = NO;
				DEBUG_INFORMATION_FORMAT = "dwarf-with-dsym";
				ENABLE_NS_ASSERTIONS = NO;
				ENABLE_STRICT_OBJC_MSGSEND = YES;
				GCC_C_LANGUAGE_STANDARD = gnu99;
				GCC_NO_COMMON_BLOCKS = YES;
				GCC_WARN_64_TO_32_BIT_CONVERSION = YES;
				GCC_WARN_ABOUT_RETURN_TYPE = YES_ERROR;
				GCC_WARN_UNDECLARED_SELECTOR = YES;
				GCC_WARN_UNINITIALIZED_AUTOS = YES_AGGRESSIVE;
				GCC_WARN_UNUSED_FUNCTION = YES;
				GCC_WARN_UNUSED_VARIABLE = YES;
				IPHONEOS_DEPLOYMENT_TARGET = 10.1;
				MTL_ENABLE_DEBUG_INFO = NO;
				SDKROOT = iphoneos;
				SWIFT_OPTIMIZATION_LEVEL = "-Owholemodule";
				TARGETED_DEVICE_FAMILY = "1,2";
				VALIDATE_PRODUCT = YES;
			};
			name = Release;
		};
		265CB5B91DF05CB100C10C75 /* Debug */ = {
			isa = XCBuildConfiguration;
			buildSettings = {
				ASSETCATALOG_COMPILER_APPICON_NAME = AppIcon;
				DEVELOPMENT_TEAM = FHZPZ8NR76;
				INFOPLIST_FILE = TumblrMenu/Info.plist;
				LD_RUNPATH_SEARCH_PATHS = "$(inherited) @executable_path/Frameworks";
				PRODUCT_BUNDLE_IDENTIFIER = org.wx.TumblrMenu;
				PRODUCT_NAME = "$(TARGET_NAME)";
				SWIFT_VERSION = 3.0;
			};
			name = Debug;
		};
		265CB5BA1DF05CB100C10C75 /* Release */ = {
			isa = XCBuildConfiguration;
			buildSettings = {
				ASSETCATALOG_COMPILER_APPICON_NAME = AppIcon;
				DEVELOPMENT_TEAM = FHZPZ8NR76;
				INFOPLIST_FILE = TumblrMenu/Info.plist;
				LD_RUNPATH_SEARCH_PATHS = "$(inherited) @executable_path/Frameworks";
				PRODUCT_BUNDLE_IDENTIFIER = org.wx.TumblrMenu;
				PRODUCT_NAME = "$(TARGET_NAME)";
				SWIFT_VERSION = 3.0;
			};
			name = Release;
		};
/* End XCBuildConfiguration section */

/* Begin XCConfigurationList section */
		265CB5A11DF05CB100C10C75 /* Build configuration list for PBXProject "TumblrMenu" */ = {
			isa = XCConfigurationList;
			buildConfigurations = (
				265CB5B61DF05CB100C10C75 /* Debug */,
				265CB5B71DF05CB100C10C75 /* Release */,
			);
			defaultConfigurationIsVisible = 0;
			defaultConfigurationName = Release;
		};
		265CB5B81DF05CB100C10C75 /* Build configuration list for PBXNativeTarget "TumblrMenu" */ = {
			isa = XCConfigurationList;
			buildConfigurations = (
				265CB5B91DF05CB100C10C75 /* Debug */,
				265CB5BA1DF05CB100C10C75 /* Release */,
			);
			defaultConfigurationIsVisible = 0;
			defaultConfigurationName = Release;
		};
/* End XCConfigurationList section */
	};
	rootObject = 265CB59E1DF05CB100C10C75 /* Project object */;
}
