// !$*UTF8*$!
{
	archiveVersion = 1;
	classes = {
	};
	objectVersion = 46;
	objects = {

/* Begin PBXBuildFile section */
		26DF4B5E1E1152DA004FDB24 /* AppDelegate.swift in Sources */ = {isa = PBXBuildFile; fileRef = 26DF4B5D1E1152DA004FDB24 /* AppDelegate.swift */; };
		26DF4B601E1152DA004FDB24 /* ViewController.swift in Sources */ = {isa = PBXBuildFile; fileRef = 26DF4B5F1E1152DA004FDB24 /* ViewController.swift */; };
		26DF4B631E1152DA004FDB24 /* Main.storyboard in Resources */ = {isa = PBXBuildFile; fileRef = 26DF4B611E1152DA004FDB24 /* Main.storyboard */; };
		26DF4B661E1152DA004FDB24 /* CoreDataDemo.xcdatamodeld in Sources */ = {isa = PBXBuildFile; fileRef = 26DF4B641E1152DA004FDB24 /* CoreDataDemo.xcdatamodeld */; };
		26DF4B681E1152DA004FDB24 /* Assets.xcassets in Resources */ = {isa = PBXBuildFile; fileRef = 26DF4B671E1152DA004FDB24 /* Assets.xcassets */; };
		26DF4B6B1E1152DA004FDB24 /* LaunchScreen.storyboard in Resources */ = {isa = PBXBuildFile; fileRef = 26DF4B691E1152DA004FDB24 /* LaunchScreen.storyboard */; };
		26DF4B7F1E11566B004FDB24 /* DataManager.swift in Sources */ = {isa = PBXBuildFile; fileRef = 26DF4B7E1E11566B004FDB24 /* DataManager.swift */; };
/* End PBXBuildFile section */

/* Begin PBXFileReference section */
		26DF4B5A1E1152DA004FDB24 /* CoreDataDemo.app */ = {isa = PBXFileReference; explicitFileType = wrapper.application; includeInIndex = 0; path = CoreDataDemo.app; sourceTree = BUILT_PRODUCTS_DIR; };
		26DF4B5D1E1152DA004FDB24 /* AppDelegate.swift */ = {isa = PBXFileReference; lastKnownFileType = sourcecode.swift; path = AppDelegate.swift; sourceTree = "<group>"; };
		26DF4B5F1E1152DA004FDB24 /* ViewController.swift */ = {isa = PBXFileReference; lastKnownFileType = sourcecode.swift; path = ViewController.swift; sourceTree = "<group>"; };
		26DF4B621E1152DA004FDB24 /* Base */ = {isa = PBXFileReference; lastKnownFileType = file.storyboard; name = Base; path = Base.lproj/Main.storyboard; sourceTree = "<group>"; };
		26DF4B651E1152DA004FDB24 /* CoreDataDemo.xcdatamodel */ = {isa = PBXFileReference; lastKnownFileType = wrapper.xcdatamodel; path = CoreDataDemo.xcdatamodel; sourceTree = "<group>"; };
		26DF4B671E1152DA004FDB24 /* Assets.xcassets */ = {isa = PBXFileReference; lastKnownFileType = folder.assetcatalog; path = Assets.xcassets; sourceTree = "<group>"; };
		26DF4B6A1E1152DA004FDB24 /* Base */ = {isa = PBXFileReference; lastKnownFileType = file.storyboard; name = Base; path = Base.lproj/LaunchScreen.storyboard; sourceTree = "<group>"; };
		26DF4B6C1E1152DA004FDB24 /* Info.plist */ = {isa = PBXFileReference; lastKnownFileType = text.plist.xml; path = Info.plist; sourceTree = "<group>"; };
		26DF4B7E1E11566B004FDB24 /* DataManager.swift */ = {isa = PBXFileReference; fileEncoding = 4; lastKnownFileType = sourcecode.swift; path = DataManager.swift; sourceTree = "<group>"; };
/* End PBXFileReference section */

/* Begin PBXFrameworksBuildPhase section */
		26DF4B571E1152DA004FDB24 /* Frameworks */ = {
			isa = PBXFrameworksBuildPhase;
			buildActionMask = 2147483647;
			files = (
			);
			runOnlyForDeploymentPostprocessing = 0;
		};
/* End PBXFrameworksBuildPhase section */

/* Begin PBXGroup section */
		26DF4B511E1152DA004FDB24 = {
			isa = PBXGroup;
			children = (
				26DF4B5C1E1152DA004FDB24 /* CoreDataDemo */,
				26DF4B5B1E1152DA004FDB24 /* Products */,
			);
			sourceTree = "<group>";
		};
		26DF4B5B1E1152DA004FDB24 /* Products */ = {
			isa = PBXGroup;
			children = (
				26DF4B5A1E1152DA004FDB24 /* CoreDataDemo.app */,
			);
			name = Products;
			sourceTree = "<group>";
		};
		26DF4B5C1E1152DA004FDB24 /* CoreDataDemo */ = {
			isa = PBXGroup;
			children = (
				26DF4B5D1E1152DA004FDB24 /* AppDelegate.swift */,
				26DF4B5F1E1152DA004FDB24 /* ViewController.swift */,
				26DF4B7E1E11566B004FDB24 /* DataManager.swift */,
				26DF4B611E1152DA004FDB24 /* Main.storyboard */,
				26DF4B671E1152DA004FDB24 /* Assets.xcassets */,
				26DF4B691E1152DA004FDB24 /* LaunchScreen.storyboard */,
				26DF4B6C1E1152DA004FDB24 /* Info.plist */,
				26DF4B641E1152DA004FDB24 /* CoreDataDemo.xcdatamodeld */,
			);
			path = CoreDataDemo;
			sourceTree = "<group>";
		};
/* End PBXGroup section */

/* Begin PBXNativeTarget section */
		26DF4B591E1152DA004FDB24 /* CoreDataDemo */ = {
			isa = PBXNativeTarget;
			buildConfigurationList = 26DF4B6F1E1152DA004FDB24 /* Build configuration list for PBXNativeTarget "CoreDataDemo" */;
			buildPhases = (
				26DF4B561E1152DA004FDB24 /* Sources */,
				26DF4B571E1152DA004FDB24 /* Frameworks */,
				26DF4B581E1152DA004FDB24 /* Resources */,
			);
			buildRules = (
			);
			dependencies = (
			);
			name = CoreDataDemo;
			productName = CoreDataDemo;
			productReference = 26DF4B5A1E1152DA004FDB24 /* CoreDataDemo.app */;
			productType = "com.apple.product-type.application";
		};
/* End PBXNativeTarget section */

/* Begin PBXProject section */
		26DF4B521E1152DA004FDB24 /* Project object */ = {
			isa = PBXProject;
			attributes = {
				LastSwiftUpdateCheck = 0810;
				LastUpgradeCheck = 0810;
				ORGANIZATIONNAME = wx;
				TargetAttributes = {
					26DF4B591E1152DA004FDB24 = {
						CreatedOnToolsVersion = 8.1;
						DevelopmentTeam = FHZPZ8NR76;
						ProvisioningStyle = Automatic;
					};
				};
			};
			buildConfigurationList = 26DF4B551E1152DA004FDB24 /* Build configuration list for PBXProject "CoreDataDemo" */;
			compatibilityVersion = "Xcode 3.2";
			developmentRegion = English;
			hasScannedForEncodings = 0;
			knownRegions = (
				en,
				Base,
			);
			mainGroup = 26DF4B511E1152DA004FDB24;
			productRefGroup = 26DF4B5B1E1152DA004FDB24 /* Products */;
			projectDirPath = "";
			projectRoot = "";
			targets = (
				26DF4B591E1152DA004FDB24 /* CoreDataDemo */,
			);
		};
/* End PBXProject section */

/* Begin PBXResourcesBuildPhase section */
		26DF4B581E1152DA004FDB24 /* Resources */ = {
			isa = PBXResourcesBuildPhase;
			buildActionMask = 2147483647;
			files = (
				26DF4B6B1E1152DA004FDB24 /* LaunchScreen.storyboard in Resources */,
				26DF4B681E1152DA004FDB24 /* Assets.xcassets in Resources */,
				26DF4B631E1152DA004FDB24 /* Main.storyboard in Resources */,
			);
			runOnlyForDeploymentPostprocessing = 0;
		};
/* End PBXResourcesBuildPhase section */

/* Begin PBXSourcesBuildPhase section */
		26DF4B561E1152DA004FDB24 /* Sources */ = {
			isa = PBXSourcesBuildPhase;
			buildActionMask = 2147483647;
			files = (
				26DF4B601E1152DA004FDB24 /* ViewController.swift in Sources */,
				26DF4B7F1E11566B004FDB24 /* DataManager.swift in Sources */,
				26DF4B661E1152DA004FDB24 /* CoreDataDemo.xcdatamodeld in Sources */,
				26DF4B5E1E1152DA004FDB24 /* AppDelegate.swift in Sources */,
			);
			runOnlyForDeploymentPostprocessing = 0;
		};
/* End PBXSourcesBuildPhase section */

/* Begin PBXVariantGroup section */
		26DF4B611E1152DA004FDB24 /* Main.storyboard */ = {
			isa = PBXVariantGroup;
			children = (
				26DF4B621E1152DA004FDB24 /* Base */,
			);
			name = Main.storyboard;
			sourceTree = "<group>";
		};
		26DF4B691E1152DA004FDB24 /* LaunchScreen.storyboard */ = {
			isa = PBXVariantGroup;
			children = (
				26DF4B6A1E1152DA004FDB24 /* Base */,
			);
			name = LaunchScreen.storyboard;
			sourceTree = "<group>";
		};
/* End PBXVariantGroup section */

/* Begin XCBuildConfiguration section */
		26DF4B6D1E1152DA004FDB24 /* Debug */ = {
			isa = XCBuildConfiguration;
			buildSettings = {
				ALWAYS_SEARCH_USER_PATHS = NO;
				CLANG_ANALYZER_NONNULL = YES;
				CLANG_CXX_LANGUAGE_STANDARD = "gnu++0x";
				CLANG_CXX_LIBRARY = "libc++";
				CLANG_ENABLE_MODULES = YES;
				CLANG_ENABLE_OBJC_ARC = YES;
				CLANG_WARN_BOOL_CONVERSION = YES;
				CLANG_WARN_CONSTANT_CONVERSION = YES;
				CLANG_WARN_DIRECT_OBJC_ISA_USAGE = YES_ERROR;
				CLANG_WARN_DOCUMENTATION_COMMENTS = YES;
				CLANG_WARN_EMPTY_BODY = YES;
				CLANG_WARN_ENUM_CONVERSION = YES;
				CLANG_WARN_INFINITE_RECURSION = YES;
				CLANG_WARN_INT_CONVERSION = YES;
				CLANG_WARN_OBJC_ROOT_CLASS = YES_ERROR;
				CLANG_WARN_SUSPICIOUS_MOVES = YES;
				CLANG_WARN_UNREACHABLE_CODE = YES;
				CLANG_WARN__DUPLICATE_METHOD_MATCH = YES;
				"CODE_SIGN_IDENTITY[sdk=iphoneos*]" = "iPhone Developer";
				COPY_PHASE_STRIP = NO;
				DEBUG_INFORMATION_FORMAT = dwarf;
				ENABLE_STRICT_OBJC_MSGSEND = YES;
				ENABLE_TESTABILITY = YES;
				GCC_C_LANGUAGE_STANDARD = gnu99;
				GCC_DYNAMIC_NO_PIC = NO;
				GCC_NO_COMMON_BLOCKS = YES;
				GCC_OPTIMIZATION_LEVEL = 0;
				GCC_PREPROCESSOR_DEFINITIONS = (
					"DEBUG=1",
					"$(inherited)",
				);
				GCC_WARN_64_TO_32_BIT_CONVERSION = YES;
				GCC_WARN_ABOUT_RETURN_TYPE = YES_ERROR;
				GCC_WARN_UNDECLARED_SELECTOR = YES;
				GCC_WARN_UNINITIALIZED_AUTOS = YES_AGGRESSIVE;
				GCC_WARN_UNUSED_FUNCTION = YES;
				GCC_WARN_UNUSED_VARIABLE = YES;
				IPHONEOS_DEPLOYMENT_TARGET = 10.1;
				MTL_ENABLE_DEBUG_INFO = YES;
				ONLY_ACTIVE_ARCH = YES;
				SDKROOT = iphoneos;
				SWIFT_ACTIVE_COMPILATION_CONDITIONS = DEBUG;
				SWIFT_OPTIMIZATION_LEVEL = "-Onone";
				TARGETED_DEVICE_FAMILY = "1,2";
			};
			name = Debug;
		};
		26DF4B6E1E1152DA004FDB24 /* Release */ = {
			isa = XCBuildConfiguration;
			buildSettings = {
				ALWAYS_SEARCH_USER_PATHS = NO;
				CLANG_ANALYZER_NONNULL = YES;
				CLANG_CXX_LANGUAGE_STANDARD = "gnu++0x";
				CLANG_CXX_LIBRARY = "libc++";
				CLANG_ENABLE_MODULES = YES;
				CLANG_ENABLE_OBJC_ARC = YES;
				CLANG_WARN_BOOL_CONVERSION = YES;
				CLANG_WARN_CONSTANT_CONVERSION = YES;
				CLANG_WARN_DIRECT_OBJC_ISA_USAGE = YES_ERROR;
				CLANG_WARN_DOCUMENTATION_COMMENTS = YES;
				CLANG_WARN_EMPTY_BODY = YES;
				CLANG_WARN_ENUM_CONVERSION = YES;
				CLANG_WARN_INFINITE_RECURSION = YES;
				CLANG_WARN_INT_CONVERSION = YES;
				CLANG_WARN_OBJC_ROOT_CLASS = YES_ERROR;
				CLANG_WARN_SUSPICIOUS_MOVES = YES;
				CLANG_WARN_UNREACHABLE_CODE = YES;
				CLANG_WARN__DUPLICATE_METHOD_MATCH = YES;
				"CODE_SIGN_IDENTITY[sdk=iphoneos*]" = "iPhone Developer";
				COPY_PHASE_STRIP = NO;
				DEBUG_INFORMATION_FORMAT = "dwarf-with-dsym";
				ENABLE_NS_ASSERTIONS = NO;
				ENABLE_STRICT_OBJC_MSGSEND = YES;
				GCC_C_LANGUAGE_STANDARD = gnu99;
				GCC_NO_COMMON_BLOCKS = YES;
				GCC_WARN_64_TO_32_BIT_CONVERSION = YES;
				GCC_WARN_ABOUT_RETURN_TYPE = YES_ERROR;
				GCC_WARN_UNDECLARED_SELECTOR = YES;
				GCC_WARN_UNINITIALIZED_AUTOS = YES_AGGRESSIVE;
				GCC_WARN_UNUSED_FUNCTION = YES;
				GCC_WARN_UNUSED_VARIABLE = YES;
				IPHONEOS_DEPLOYMENT_TARGET = 10.1;
				MTL_ENABLE_DEBUG_INFO = NO;
				SDKROOT = iphoneos;
				SWIFT_OPTIMIZATION_LEVEL = "-Owholemodule";
				TARGETED_DEVICE_FAMILY = "1,2";
				VALIDATE_PRODUCT = YES;
			};
			name = Release;
		};
		26DF4B701E1152DA004FDB24 /* Debug */ = {
			isa = XCBuildConfiguration;
			buildSettings = {
				ASSETCATALOG_COMPILER_APPICON_NAME = AppIcon;
				DEVELOPMENT_TEAM = FHZPZ8NR76;
				INFOPLIST_FILE = CoreDataDemo/Info.plist;
				LD_RUNPATH_SEARCH_PATHS = "$(inherited) @executable_path/Frameworks";
				PRODUCT_BUNDLE_IDENTIFIER = org.wx.CoreDataDemo;
				PRODUCT_NAME = "$(TARGET_NAME)";
				SWIFT_VERSION = 3.0;
			};
			name = Debug;
		};
		26DF4B711E1152DA004FDB24 /* Release */ = {
			isa = XCBuildConfiguration;
			buildSettings = {
				ASSETCATALOG_COMPILER_APPICON_NAME = AppIcon;
				DEVELOPMENT_TEAM = FHZPZ8NR76;
				INFOPLIST_FILE = CoreDataDemo/Info.plist;
				LD_RUNPATH_SEARCH_PATHS = "$(inherited) @executable_path/Frameworks";
				PRODUCT_BUNDLE_IDENTIFIER = org.wx.CoreDataDemo;
				PRODUCT_NAME = "$(TARGET_NAME)";
				SWIFT_VERSION = 3.0;
			};
			name = Release;
		};
/* End XCBuildConfiguration section */

/* Begin XCConfigurationList section */
		26DF4B551E1152DA004FDB24 /* Build configuration list for PBXProject "CoreDataDemo" */ = {
			isa = XCConfigurationList;
			buildConfigurations = (
				26DF4B6D1E1152DA004FDB24 /* Debug */,
				26DF4B6E1E1152DA004FDB24 /* Release */,
			);
			defaultConfigurationIsVisible = 0;
			defaultConfigurationName = Release;
		};
		26DF4B6F1E1152DA004FDB24 /* Build configuration list for PBXNativeTarget "CoreDataDemo" */ = {
			isa = XCConfigurationList;
			buildConfigurations = (
				26DF4B701E1152DA004FDB24 /* Debug */,
				26DF4B711E1152DA004FDB24 /* Release */,
			);
			defaultConfigurationIsVisible = 0;
		};
/* End XCConfigurationList section */

/* Begin XCVersionGroup section */
		26DF4B641E1152DA004FDB24 /* CoreDataDemo.xcdatamodeld */ = {
			isa = XCVersionGroup;
			children = (
				26DF4B651E1152DA004FDB24 /* CoreDataDemo.xcdatamodel */,
			);
			currentVersion = 26DF4B651E1152DA004FDB24 /* CoreDataDemo.xcdatamodel */;
			path = CoreDataDemo.xcdatamodeld;
			sourceTree = "<group>";
			versionGroupType = wrapper.xcdatamodel;
		};
/* End XCVersionGroup section */
	};
	rootObject = 26DF4B521E1152DA004FDB24 /* Project object */;
}
