// !$*UTF8*$!
{
	archiveVersion = 1;
	classes = {
	};
	objectVersion = 46;
	objects = {

/* Begin PBXBuildFile section */
		26F8A1981DCEECEF00DD97E3 /* AppDelegate.swift in Sources */ = {isa = PBXBuildFile; fileRef = 26F8A1971DCEECEF00DD97E3 /* AppDelegate.swift */; };
		26F8A19A1DCEECEF00DD97E3 /* ViewController.swift in Sources */ = {isa = PBXBuildFile; fileRef = 26F8A1991DCEECEF00DD97E3 /* ViewController.swift */; };
		26F8A19D1DCEECEF00DD97E3 /* Main.storyboard in Resources */ = {isa = PBXBuildFile; fileRef = 26F8A19B1DCEECEF00DD97E3 /* Main.storyboard */; };
		26F8A19F1DCEECEF00DD97E3 /* Assets.xcassets in Resources */ = {isa = PBXBuildFile; fileRef = 26F8A19E1DCEECEF00DD97E3 /* Assets.xcassets */; };
		26F8A1A21DCEECEF00DD97E3 /* LaunchScreen.storyboard in Resources */ = {isa = PBXBuildFile; fileRef = 26F8A1A01DCEECEF00DD97E3 /* LaunchScreen.storyboard */; };
		26F8A1AA1DCEED1600DD97E3 /* CameraViewController.swift in Sources */ = {isa = PBXBuildFile; fileRef = 26F8A1A91DCEED1600DD97E3 /* CameraViewController.swift */; };
		26F8A1AC1DCEED6500DD97E3 /* LeftViewController.swift in Sources */ = {isa = PBXBuildFile; fileRef = 26F8A1AB1DCEED6500DD97E3 /* LeftViewController.swift */; };
		26F8A1AE1DCEED9300DD97E3 /* RigthViewController.swift in Sources */ = {isa = PBXBuildFile; fileRef = 26F8A1AD1DCEED9300DD97E3 /* RigthViewController.swift */; };
		26F8A1B61DCEFA7D00DD97E3 /* CameraViewController.xib in Resources */ = {isa = PBXBuildFile; fileRef = 26F8A1B51DCEFA7D00DD97E3 /* CameraViewController.xib */; };
		26F8A1BC1DCEFC9500DD97E3 /* RightViewController.xib in Resources */ = {isa = PBXBuildFile; fileRef = 26F8A1BB1DCEFC9500DD97E3 /* RightViewController.xib */; };
		26F8A1BE1DCEFD2900DD97E3 /* LeftViewController.xib in Resources */ = {isa = PBXBuildFile; fileRef = 26F8A1BD1DCEFD2900DD97E3 /* LeftViewController.xib */; };
/* End PBXBuildFile section */

/* Begin PBXFileReference section */
		26F8A1941DCEECEF00DD97E3 /* SnapChat.app */ = {isa = PBXFileReference; explicitFileType = wrapper.application; includeInIndex = 0; path = SnapChat.app; sourceTree = BUILT_PRODUCTS_DIR; };
		26F8A1971DCEECEF00DD97E3 /* AppDelegate.swift */ = {isa = PBXFileReference; lastKnownFileType = sourcecode.swift; path = AppDelegate.swift; sourceTree = "<group>"; };
		26F8A1991DCEECEF00DD97E3 /* ViewController.swift */ = {isa = PBXFileReference; lastKnownFileType = sourcecode.swift; path = ViewController.swift; sourceTree = "<group>"; };
		26F8A19C1DCEECEF00DD97E3 /* Base */ = {isa = PBXFileReference; lastKnownFileType = file.storyboard; name = Base; path = Base.lproj/Main.storyboard; sourceTree = "<group>"; };
		26F8A19E1DCEECEF00DD97E3 /* Assets.xcassets */ = {isa = PBXFileReference; lastKnownFileType = folder.assetcatalog; path = Assets.xcassets; sourceTree = "<group>"; };
		26F8A1A11DCEECEF00DD97E3 /* Base */ = {isa = PBXFileReference; lastKnownFileType = file.storyboard; name = Base; path = Base.lproj/LaunchScreen.storyboard; sourceTree = "<group>"; };
		26F8A1A31DCEECEF00DD97E3 /* Info.plist */ = {isa = PBXFileReference; lastKnownFileType = text.plist.xml; path = Info.plist; sourceTree = "<group>"; };
		26F8A1A91DCEED1600DD97E3 /* CameraViewController.swift */ = {isa = PBXFileReference; fileEncoding = 4; lastKnownFileType = sourcecode.swift; path = CameraViewController.swift; sourceTree = "<group>"; };
		26F8A1AB1DCEED6500DD97E3 /* LeftViewController.swift */ = {isa = PBXFileReference; fileEncoding = 4; lastKnownFileType = sourcecode.swift; path = LeftViewController.swift; sourceTree = "<group>"; };
		26F8A1AD1DCEED9300DD97E3 /* RigthViewController.swift */ = {isa = PBXFileReference; fileEncoding = 4; lastKnownFileType = sourcecode.swift; path = RigthViewController.swift; sourceTree = "<group>"; };
		26F8A1B51DCEFA7D00DD97E3 /* CameraViewController.xib */ = {isa = PBXFileReference; fileEncoding = 4; lastKnownFileType = file.xib; path = CameraViewController.xib; sourceTree = "<group>"; };
		26F8A1BB1DCEFC9500DD97E3 /* RightViewController.xib */ = {isa = PBXFileReference; fileEncoding = 4; lastKnownFileType = file.xib; path = RightViewController.xib; sourceTree = "<group>"; };
		26F8A1BD1DCEFD2900DD97E3 /* LeftViewController.xib */ = {isa = PBXFileReference; fileEncoding = 4; lastKnownFileType = file.xib; path = LeftViewController.xib; sourceTree = "<group>"; };
/* End PBXFileReference section */

/* Begin PBXFrameworksBuildPhase section */
		26F8A1911DCEECEF00DD97E3 /* Frameworks */ = {
			isa = PBXFrameworksBuildPhase;
			buildActionMask = 2147483647;
			files = (
			);
			runOnlyForDeploymentPostprocessing = 0;
		};
/* End PBXFrameworksBuildPhase section */

/* Begin PBXGroup section */
		26F8A18B1DCEECEF00DD97E3 = {
			isa = PBXGroup;
			children = (
				26F8A1BD1DCEFD2900DD97E3 /* LeftViewController.xib */,
				26F8A1BB1DCEFC9500DD97E3 /* RightViewController.xib */,
				26F8A1961DCEECEF00DD97E3 /* SnapChat */,
				26F8A1951DCEECEF00DD97E3 /* Products */,
			);
			sourceTree = "<group>";
		};
		26F8A1951DCEECEF00DD97E3 /* Products */ = {
			isa = PBXGroup;
			children = (
				26F8A1941DCEECEF00DD97E3 /* SnapChat.app */,
			);
			name = Products;
			sourceTree = "<group>";
		};
		26F8A1961DCEECEF00DD97E3 /* SnapChat */ = {
			isa = PBXGroup;
			children = (
				26F8A1971DCEECEF00DD97E3 /* AppDelegate.swift */,
				26F8A1991DCEECEF00DD97E3 /* ViewController.swift */,
				26F8A1A91DCEED1600DD97E3 /* CameraViewController.swift */,
				26F8A1B51DCEFA7D00DD97E3 /* CameraViewController.xib */,
				26F8A1AB1DCEED6500DD97E3 /* LeftViewController.swift */,
				26F8A1AD1DCEED9300DD97E3 /* RigthViewController.swift */,
				26F8A19B1DCEECEF00DD97E3 /* Main.storyboard */,
				26F8A19E1DCEECEF00DD97E3 /* Assets.xcassets */,
				26F8A1A01DCEECEF00DD97E3 /* LaunchScreen.storyboard */,
				26F8A1A31DCEECEF00DD97E3 /* Info.plist */,
			);
			path = SnapChat;
			sourceTree = "<group>";
		};
/* End PBXGroup section */

/* Begin PBXNativeTarget section */
		26F8A1931DCEECEF00DD97E3 /* SnapChat */ = {
			isa = PBXNativeTarget;
			buildConfigurationList = 26F8A1A61DCEECEF00DD97E3 /* Build configuration list for PBXNativeTarget "SnapChat" */;
			buildPhases = (
				26F8A1901DCEECEF00DD97E3 /* Sources */,
				26F8A1911DCEECEF00DD97E3 /* Frameworks */,
				26F8A1921DCEECEF00DD97E3 /* Resources */,
			);
			buildRules = (
			);
			dependencies = (
			);
			name = SnapChat;
			productName = SnapChat;
			productReference = 26F8A1941DCEECEF00DD97E3 /* SnapChat.app */;
			productType = "com.apple.product-type.application";
		};
/* End PBXNativeTarget section */

/* Begin PBXProject section */
		26F8A18C1DCEECEF00DD97E3 /* Project object */ = {
			isa = PBXProject;
			attributes = {
				LastSwiftUpdateCheck = 0800;
				LastUpgradeCheck = 0800;
				ORGANIZATIONNAME = wx;
				TargetAttributes = {
					26F8A1931DCEECEF00DD97E3 = {
						CreatedOnToolsVersion = 8.0;
						DevelopmentTeam = FHZPZ8NR76;
						ProvisioningStyle = Automatic;
					};
				};
			};
			buildConfigurationList = 26F8A18F1DCEECEF00DD97E3 /* Build configuration list for PBXProject "SnapChat" */;
			compatibilityVersion = "Xcode 3.2";
			developmentRegion = English;
			hasScannedForEncodings = 0;
			knownRegions = (
				en,
				Base,
			);
			mainGroup = 26F8A18B1DCEECEF00DD97E3;
			productRefGroup = 26F8A1951DCEECEF00DD97E3 /* Products */;
			projectDirPath = "";
			projectRoot = "";
			targets = (
				26F8A1931DCEECEF00DD97E3 /* SnapChat */,
			);
		};
/* End PBXProject section */

/* Begin PBXResourcesBuildPhase section */
		26F8A1921DCEECEF00DD97E3 /* Resources */ = {
			isa = PBXResourcesBuildPhase;
			buildActionMask = 2147483647;
			files = (
				26F8A1A21DCEECEF00DD97E3 /* LaunchScreen.storyboard in Resources */,
				26F8A1BE1DCEFD2900DD97E3 /* LeftViewController.xib in Resources */,
				26F8A1B61DCEFA7D00DD97E3 /* CameraViewController.xib in Resources */,
				26F8A1BC1DCEFC9500DD97E3 /* RightViewController.xib in Resources */,
				26F8A19F1DCEECEF00DD97E3 /* Assets.xcassets in Resources */,
				26F8A19D1DCEECEF00DD97E3 /* Main.storyboard in Resources */,
			);
			runOnlyForDeploymentPostprocessing = 0;
		};
/* End PBXResourcesBuildPhase section */

/* Begin PBXSourcesBuildPhase section */
		26F8A1901DCEECEF00DD97E3 /* Sources */ = {
			isa = PBXSourcesBuildPhase;
			buildActionMask = 2147483647;
			files = (
				26F8A19A1DCEECEF00DD97E3 /* ViewController.swift in Sources */,
				26F8A1AE1DCEED9300DD97E3 /* RigthViewController.swift in Sources */,
				26F8A1AC1DCEED6500DD97E3 /* LeftViewController.swift in Sources */,
				26F8A1981DCEECEF00DD97E3 /* AppDelegate.swift in Sources */,
				26F8A1AA1DCEED1600DD97E3 /* CameraViewController.swift in Sources */,
			);
			runOnlyForDeploymentPostprocessing = 0;
		};
/* End PBXSourcesBuildPhase section */

/* Begin PBXVariantGroup section */
		26F8A19B1DCEECEF00DD97E3 /* Main.storyboard */ = {
			isa = PBXVariantGroup;
			children = (
				26F8A19C1DCEECEF00DD97E3 /* Base */,
			);
			name = Main.storyboard;
			sourceTree = "<group>";
		};
		26F8A1A01DCEECEF00DD97E3 /* LaunchScreen.storyboard */ = {
			isa = PBXVariantGroup;
			children = (
				26F8A1A11DCEECEF00DD97E3 /* Base */,
			);
			name = LaunchScreen.storyboard;
			sourceTree = "<group>";
		};
/* End PBXVariantGroup section */

/* Begin XCBuildConfiguration section */
		26F8A1A41DCEECEF00DD97E3 /* Debug */ = {
			isa = XCBuildConfiguration;
			buildSettings = {
				ALWAYS_SEARCH_USER_PATHS = NO;
				CLANG_ANALYZER_NONNULL = YES;
				CLANG_CXX_LANGUAGE_STANDARD = "gnu++0x";
				CLANG_CXX_LIBRARY = "libc++";
				CLANG_ENABLE_MODULES = YES;
				CLANG_ENABLE_OBJC_ARC = YES;
				CLANG_WARN_BOOL_CONVERSION = YES;
				CLANG_WARN_CONSTANT_CONVERSION = YES;
				CLANG_WARN_DIRECT_OBJC_ISA_USAGE = YES_ERROR;
				CLANG_WARN_DOCUMENTATION_COMMENTS = YES;
				CLANG_WARN_EMPTY_BODY = YES;
				CLANG_WARN_ENUM_CONVERSION = YES;
				CLANG_WARN_INFINITE_RECURSION = YES;
				CLANG_WARN_INT_CONVERSION = YES;
				CLANG_WARN_OBJC_ROOT_CLASS = YES_ERROR;
				CLANG_WARN_SUSPICIOUS_MOVES = YES;
				CLANG_WARN_UNREACHABLE_CODE = YES;
				CLANG_WARN__DUPLICATE_METHOD_MATCH = YES;
				"CODE_SIGN_IDENTITY[sdk=iphoneos*]" = "iPhone Developer";
				COPY_PHASE_STRIP = NO;
				DEBUG_INFORMATION_FORMAT = dwarf;
				ENABLE_STRICT_OBJC_MSGSEND = YES;
				ENABLE_TESTABILITY = YES;
				GCC_C_LANGUAGE_STANDARD = gnu99;
				GCC_DYNAMIC_NO_PIC = NO;
				GCC_NO_COMMON_BLOCKS = YES;
				GCC_OPTIMIZATION_LEVEL = 0;
				GCC_PREPROCESSOR_DEFINITIONS = (
					"DEBUG=1",
					"$(inherited)",
				);
				GCC_WARN_64_TO_32_BIT_CONVERSION = YES;
				GCC_WARN_ABOUT_RETURN_TYPE = YES_ERROR;
				GCC_WARN_UNDECLARED_SELECTOR = YES;
				GCC_WARN_UNINITIALIZED_AUTOS = YES_AGGRESSIVE;
				GCC_WARN_UNUSED_FUNCTION = YES;
				GCC_WARN_UNUSED_VARIABLE = YES;
				IPHONEOS_DEPLOYMENT_TARGET = 10.0;
				MTL_ENABLE_DEBUG_INFO = YES;
				ONLY_ACTIVE_ARCH = YES;
				SDKROOT = iphoneos;
				SWIFT_ACTIVE_COMPILATION_CONDITIONS = DEBUG;
				SWIFT_OPTIMIZATION_LEVEL = "-Onone";
				TARGETED_DEVICE_FAMILY = "1,2";
			};
			name = Debug;
		};
		26F8A1A51DCEECEF00DD97E3 /* Release */ = {
			isa = XCBuildConfiguration;
			buildSettings = {
				ALWAYS_SEARCH_USER_PATHS = NO;
				CLANG_ANALYZER_NONNULL = YES;
				CLANG_CXX_LANGUAGE_STANDARD = "gnu++0x";
				CLANG_CXX_LIBRARY = "libc++";
				CLANG_ENABLE_MODULES = YES;
				CLANG_ENABLE_OBJC_ARC = YES;
				CLANG_WARN_BOOL_CONVERSION = YES;
				CLANG_WARN_CONSTANT_CONVERSION = YES;
				CLANG_WARN_DIRECT_OBJC_ISA_USAGE = YES_ERROR;
				CLANG_WARN_DOCUMENTATION_COMMENTS = YES;
				CLANG_WARN_EMPTY_BODY = YES;
				CLANG_WARN_ENUM_CONVERSION = YES;
				CLANG_WARN_INFINITE_RECURSION = YES;
				CLANG_WARN_INT_CONVERSION = YES;
				CLANG_WARN_OBJC_ROOT_CLASS = YES_ERROR;
				CLANG_WARN_SUSPICIOUS_MOVES = YES;
				CLANG_WARN_UNREACHABLE_CODE = YES;
				CLANG_WARN__DUPLICATE_METHOD_MATCH = YES;
				"CODE_SIGN_IDENTITY[sdk=iphoneos*]" = "iPhone Developer";
				COPY_PHASE_STRIP = NO;
				DEBUG_INFORMATION_FORMAT = "dwarf-with-dsym";
				ENABLE_NS_ASSERTIONS = NO;
				ENABLE_STRICT_OBJC_MSGSEND = YES;
				GCC_C_LANGUAGE_STANDARD = gnu99;
				GCC_NO_COMMON_BLOCKS = YES;
				GCC_WARN_64_TO_32_BIT_CONVERSION = YES;
				GCC_WARN_ABOUT_RETURN_TYPE = YES_ERROR;
				GCC_WARN_UNDECLARED_SELECTOR = YES;
				GCC_WARN_UNINITIALIZED_AUTOS = YES_AGGRESSIVE;
				GCC_WARN_UNUSED_FUNCTION = YES;
				GCC_WARN_UNUSED_VARIABLE = YES;
				IPHONEOS_DEPLOYMENT_TARGET = 10.0;
				MTL_ENABLE_DEBUG_INFO = NO;
				SDKROOT = iphoneos;
				SWIFT_OPTIMIZATION_LEVEL = "-Owholemodule";
				TARGETED_DEVICE_FAMILY = "1,2";
				VALIDATE_PRODUCT = YES;
			};
			name = Release;
		};
		26F8A1A71DCEECEF00DD97E3 /* Debug */ = {
			isa = XCBuildConfiguration;
			buildSettings = {
				ASSETCATALOG_COMPILER_APPICON_NAME = AppIcon;
				DEVELOPMENT_TEAM = FHZPZ8NR76;
				INFOPLIST_FILE = SnapChat/Info.plist;
				LD_RUNPATH_SEARCH_PATHS = "$(inherited) @executable_path/Frameworks";
				PRODUCT_BUNDLE_IDENTIFIER = org.wx.SnapChat;
				PRODUCT_NAME = "$(TARGET_NAME)";
				SWIFT_VERSION = 3.0;
			};
			name = Debug;
		};
		26F8A1A81DCEECEF00DD97E3 /* Release */ = {
			isa = XCBuildConfiguration;
			buildSettings = {
				ASSETCATALOG_COMPILER_APPICON_NAME = AppIcon;
				DEVELOPMENT_TEAM = FHZPZ8NR76;
				INFOPLIST_FILE = SnapChat/Info.plist;
				LD_RUNPATH_SEARCH_PATHS = "$(inherited) @executable_path/Frameworks";
				PRODUCT_BUNDLE_IDENTIFIER = org.wx.SnapChat;
				PRODUCT_NAME = "$(TARGET_NAME)";
				SWIFT_VERSION = 3.0;
			};
			name = Release;
		};
/* End XCBuildConfiguration section */

/* Begin XCConfigurationList section */
		26F8A18F1DCEECEF00DD97E3 /* Build configuration list for PBXProject "SnapChat" */ = {
			isa = XCConfigurationList;
			buildConfigurations = (
				26F8A1A41DCEECEF00DD97E3 /* Debug */,
				26F8A1A51DCEECEF00DD97E3 /* Release */,
			);
			defaultConfigurationIsVisible = 0;
			defaultConfigurationName = Release;
		};
		26F8A1A61DCEECEF00DD97E3 /* Build configuration list for PBXNativeTarget "SnapChat" */ = {
			isa = XCConfigurationList;
			buildConfigurations = (
				26F8A1A71DCEECEF00DD97E3 /* Debug */,
				26F8A1A81DCEECEF00DD97E3 /* Release */,
			);
			defaultConfigurationIsVisible = 0;
			defaultConfigurationName = Release;
		};
/* End XCConfigurationList section */
	};
	rootObject = 26F8A18C1DCEECEF00DD97E3 /* Project object */;
}
